// !$*UTF8*$!
{
	archiveVersion = 1;
	classes = {
	};
	objectVersion = 51;
	objects = {

/* Begin PBXBuildFile section */
		3BEABA202496F7AA978A910A /* Pods_TestAppTests.framework in Frameworks */ = {isa = PBXBuildFile; fileRef = 738846F3B246F72EFFEA1056 /* Pods_TestAppTests.framework */; };
		470CE16E25C2E97D0079D73F /* calabash.framework in Frameworks */ = {isa = PBXBuildFile; fileRef = 470CE16D25C2E97D0079D73F /* calabash.framework */; };
		47148ABB25C1964200C04E3C /* AppDelegate.swift in Sources */ = {isa = PBXBuildFile; fileRef = 47148ABA25C1964200C04E3C /* AppDelegate.swift */; };
		47148ABD25C1964200C04E3C /* SceneDelegate.swift in Sources */ = {isa = PBXBuildFile; fileRef = 47148ABC25C1964200C04E3C /* SceneDelegate.swift */; };
		47148ABF25C1964200C04E3C /* ViewController.swift in Sources */ = {isa = PBXBuildFile; fileRef = 47148ABE25C1964200C04E3C /* ViewController.swift */; };
		47148AC225C1964200C04E3C /* Main.storyboard in Resources */ = {isa = PBXBuildFile; fileRef = 47148AC025C1964200C04E3C /* Main.storyboard */; };
		47148AC425C1964300C04E3C /* Assets.xcassets in Resources */ = {isa = PBXBuildFile; fileRef = 47148AC325C1964300C04E3C /* Assets.xcassets */; };
		47148AC725C1964300C04E3C /* LaunchScreen.storyboard in Resources */ = {isa = PBXBuildFile; fileRef = 47148AC525C1964300C04E3C /* LaunchScreen.storyboard */; };
		47148AD225C1964300C04E3C /* TestAppTests.swift in Sources */ = {isa = PBXBuildFile; fileRef = 47148AD125C1964300C04E3C /* TestAppTests.swift */; };
		47148ADD25C1964300C04E3C /* TestAppUITests.swift in Sources */ = {isa = PBXBuildFile; fileRef = 47148ADC25C1964300C04E3C /* TestAppUITests.swift */; };
		95878B99CA568EFCD06334CD /* Pods_TestApp_TestAppUITests.framework in Frameworks */ = {isa = PBXBuildFile; fileRef = D079FEE5CD179D5C2CAFE129 /* Pods_TestApp_TestAppUITests.framework */; };
		A85EA1148DE0B7334114A5FA /* Pods_TestApp.framework in Frameworks */ = {isa = PBXBuildFile; fileRef = 71B7024625A86CB83CEDB128 /* Pods_TestApp.framework */; };
/* End PBXBuildFile section */

/* Begin PBXContainerItemProxy section */
		47148ACE25C1964300C04E3C /* PBXContainerItemProxy */ = {
			isa = PBXContainerItemProxy;
			containerPortal = 47148AAF25C1964200C04E3C /* Project object */;
			proxyType = 1;
			remoteGlobalIDString = 47148AB625C1964200C04E3C;
			remoteInfo = TestApp;
		};
		47148AD925C1964300C04E3C /* PBXContainerItemProxy */ = {
			isa = PBXContainerItemProxy;
			containerPortal = 47148AAF25C1964200C04E3C /* Project object */;
			proxyType = 1;
			remoteGlobalIDString = 47148AB625C1964200C04E3C;
			remoteInfo = TestApp;
		};
/* End PBXContainerItemProxy section */

/* Begin PBXCopyFilesBuildPhase section */
		470CE17025C2E97D0079D73F /* Embed Frameworks */ = {
			isa = PBXCopyFilesBuildPhase;
			buildActionMask = 2147483647;
			dstPath = "";
			dstSubfolderSpec = 10;
			files = (
			);
			name = "Embed Frameworks";
			runOnlyForDeploymentPostprocessing = 0;
		};
/* End PBXCopyFilesBuildPhase section */

/* Begin PBXFileReference section */
		0D12D9998A03AAFA1D23D119 /* Pods-TestAppTests.debug.xcconfig */ = {isa = PBXFileReference; includeInIndex = 1; lastKnownFileType = text.xcconfig; name = "Pods-TestAppTests.debug.xcconfig"; path = "Target Support Files/Pods-TestAppTests/Pods-TestAppTests.debug.xcconfig"; sourceTree = "<group>"; };
		3D0A2DF3EC66ECA2CAAB4B28 /* Pods-TestApp-TestAppUITests.debug.xcconfig */ = {isa = PBXFileReference; includeInIndex = 1; lastKnownFileType = text.xcconfig; name = "Pods-TestApp-TestAppUITests.debug.xcconfig"; path = "Target Support Files/Pods-TestApp-TestAppUITests/Pods-TestApp-TestAppUITests.debug.xcconfig"; sourceTree = "<group>"; };
		470CE16D25C2E97D0079D73F /* calabash.framework */ = {isa = PBXFileReference; lastKnownFileType = wrapper.framework; path = calabash.framework; sourceTree = "<group>"; };
		470CE17525C307360079D73F /* CFNetwork.framework */ = {isa = PBXFileReference; lastKnownFileType = wrapper.framework; name = CFNetwork.framework; path = System/Library/Frameworks/CFNetwork.framework; sourceTree = SDKROOT; };
		47148AB725C1964200C04E3C /* TestApp.app */ = {isa = PBXFileReference; explicitFileType = wrapper.application; includeInIndex = 0; path = TestApp.app; sourceTree = BUILT_PRODUCTS_DIR; };
		47148ABA25C1964200C04E3C /* AppDelegate.swift */ = {isa = PBXFileReference; lastKnownFileType = sourcecode.swift; path = AppDelegate.swift; sourceTree = "<group>"; };
		47148ABC25C1964200C04E3C /* SceneDelegate.swift */ = {isa = PBXFileReference; lastKnownFileType = sourcecode.swift; path = SceneDelegate.swift; sourceTree = "<group>"; };
		47148ABE25C1964200C04E3C /* ViewController.swift */ = {isa = PBXFileReference; lastKnownFileType = sourcecode.swift; path = ViewController.swift; sourceTree = "<group>"; };
		47148AC125C1964200C04E3C /* Base */ = {isa = PBXFileReference; lastKnownFileType = file.storyboard; name = Base; path = Base.lproj/Main.storyboard; sourceTree = "<group>"; };
		47148AC325C1964300C04E3C /* Assets.xcassets */ = {isa = PBXFileReference; lastKnownFileType = folder.assetcatalog; path = Assets.xcassets; sourceTree = "<group>"; };
		47148AC625C1964300C04E3C /* Base */ = {isa = PBXFileReference; lastKnownFileType = file.storyboard; name = Base; path = Base.lproj/LaunchScreen.storyboard; sourceTree = "<group>"; };
		47148AC825C1964300C04E3C /* Info.plist */ = {isa = PBXFileReference; lastKnownFileType = text.plist.xml; path = Info.plist; sourceTree = "<group>"; };
		47148ACD25C1964300C04E3C /* TestAppTests.xctest */ = {isa = PBXFileReference; explicitFileType = wrapper.cfbundle; includeInIndex = 0; path = TestAppTests.xctest; sourceTree = BUILT_PRODUCTS_DIR; };
		47148AD125C1964300C04E3C /* TestAppTests.swift */ = {isa = PBXFileReference; lastKnownFileType = sourcecode.swift; path = TestAppTests.swift; sourceTree = "<group>"; };
		47148AD325C1964300C04E3C /* Info.plist */ = {isa = PBXFileReference; lastKnownFileType = text.plist.xml; path = Info.plist; sourceTree = "<group>"; };
		47148AD825C1964300C04E3C /* TestAppUITests.xctest */ = {isa = PBXFileReference; explicitFileType = wrapper.cfbundle; includeInIndex = 0; path = TestAppUITests.xctest; sourceTree = BUILT_PRODUCTS_DIR; };
		47148ADC25C1964300C04E3C /* TestAppUITests.swift */ = {isa = PBXFileReference; lastKnownFileType = sourcecode.swift; path = TestAppUITests.swift; sourceTree = "<group>"; };
		47148ADE25C1964300C04E3C /* Info.plist */ = {isa = PBXFileReference; lastKnownFileType = text.plist.xml; path = Info.plist; sourceTree = "<group>"; };
		6B4CCB48EE35EF05C34AF82A /* Pods-TestApp-TestAppUITests.release.xcconfig */ = {isa = PBXFileReference; includeInIndex = 1; lastKnownFileType = text.xcconfig; name = "Pods-TestApp-TestAppUITests.release.xcconfig"; path = "Target Support Files/Pods-TestApp-TestAppUITests/Pods-TestApp-TestAppUITests.release.xcconfig"; sourceTree = "<group>"; };
		714261D9EB03604C00F693BA /* Pods-TestApp.debug.xcconfig */ = {isa = PBXFileReference; includeInIndex = 1; lastKnownFileType = text.xcconfig; name = "Pods-TestApp.debug.xcconfig"; path = "Target Support Files/Pods-TestApp/Pods-TestApp.debug.xcconfig"; sourceTree = "<group>"; };
		71B7024625A86CB83CEDB128 /* Pods_TestApp.framework */ = {isa = PBXFileReference; explicitFileType = wrapper.framework; includeInIndex = 0; path = Pods_TestApp.framework; sourceTree = BUILT_PRODUCTS_DIR; };
		738846F3B246F72EFFEA1056 /* Pods_TestAppTests.framework */ = {isa = PBXFileReference; explicitFileType = wrapper.framework; includeInIndex = 0; path = Pods_TestAppTests.framework; sourceTree = BUILT_PRODUCTS_DIR; };
		87B66B904347DB95FDF8D063 /* Pods-TestAppTests.release.xcconfig */ = {isa = PBXFileReference; includeInIndex = 1; lastKnownFileType = text.xcconfig; name = "Pods-TestAppTests.release.xcconfig"; path = "Target Support Files/Pods-TestAppTests/Pods-TestAppTests.release.xcconfig"; sourceTree = "<group>"; };
		AE84ADEF81ACAD28D1D390E5 /* Pods-TestApp.release.xcconfig */ = {isa = PBXFileReference; includeInIndex = 1; lastKnownFileType = text.xcconfig; name = "Pods-TestApp.release.xcconfig"; path = "Target Support Files/Pods-TestApp/Pods-TestApp.release.xcconfig"; sourceTree = "<group>"; };
		D079FEE5CD179D5C2CAFE129 /* Pods_TestApp_TestAppUITests.framework */ = {isa = PBXFileReference; explicitFileType = wrapper.framework; includeInIndex = 0; path = Pods_TestApp_TestAppUITests.framework; sourceTree = BUILT_PRODUCTS_DIR; };
/* End PBXFileReference section */

/* Begin PBXFrameworksBuildPhase section */
		47148AB425C1964200C04E3C /* Frameworks */ = {
			isa = PBXFrameworksBuildPhase;
			buildActionMask = 2147483647;
			files = (
				470CE16E25C2E97D0079D73F /* calabash.framework in Frameworks */,
				A85EA1148DE0B7334114A5FA /* Pods_TestApp.framework in Frameworks */,
			);
			runOnlyForDeploymentPostprocessing = 0;
		};
		47148ACA25C1964300C04E3C /* Frameworks */ = {
			isa = PBXFrameworksBuildPhase;
			buildActionMask = 2147483647;
			files = (
				3BEABA202496F7AA978A910A /* Pods_TestAppTests.framework in Frameworks */,
			);
			runOnlyForDeploymentPostprocessing = 0;
		};
		47148AD525C1964300C04E3C /* Frameworks */ = {
			isa = PBXFrameworksBuildPhase;
			buildActionMask = 2147483647;
			files = (
				95878B99CA568EFCD06334CD /* Pods_TestApp_TestAppUITests.framework in Frameworks */,
			);
			runOnlyForDeploymentPostprocessing = 0;
		};
/* End PBXFrameworksBuildPhase section */

/* Begin PBXGroup section */
		3D00AFCEB77C03CC9D5B29FF /* Pods */ = {
			isa = PBXGroup;
			children = (
				714261D9EB03604C00F693BA /* Pods-TestApp.debug.xcconfig */,
				AE84ADEF81ACAD28D1D390E5 /* Pods-TestApp.release.xcconfig */,
				3D0A2DF3EC66ECA2CAAB4B28 /* Pods-TestApp-TestAppUITests.debug.xcconfig */,
				6B4CCB48EE35EF05C34AF82A /* Pods-TestApp-TestAppUITests.release.xcconfig */,
				0D12D9998A03AAFA1D23D119 /* Pods-TestAppTests.debug.xcconfig */,
				87B66B904347DB95FDF8D063 /* Pods-TestAppTests.release.xcconfig */,
			);
			path = Pods;
			sourceTree = "<group>";
		};
		47148AAE25C1964200C04E3C = {
			isa = PBXGroup;
			children = (
				47148AB925C1964200C04E3C /* TestApp */,
				47148AD025C1964300C04E3C /* TestAppTests */,
				47148ADB25C1964300C04E3C /* TestAppUITests */,
				47148AB825C1964200C04E3C /* Products */,
				3D00AFCEB77C03CC9D5B29FF /* Pods */,
				F0BF551F8527F85DABBF46C2 /* Frameworks */,
			);
			sourceTree = "<group>";
		};
		47148AB825C1964200C04E3C /* Products */ = {
			isa = PBXGroup;
			children = (
				47148AB725C1964200C04E3C /* TestApp.app */,
				47148ACD25C1964300C04E3C /* TestAppTests.xctest */,
				47148AD825C1964300C04E3C /* TestAppUITests.xctest */,
			);
			name = Products;
			sourceTree = "<group>";
		};
		47148AB925C1964200C04E3C /* TestApp */ = {
			isa = PBXGroup;
			children = (
				47148ABA25C1964200C04E3C /* AppDelegate.swift */,
				47148ABC25C1964200C04E3C /* SceneDelegate.swift */,
				47148ABE25C1964200C04E3C /* ViewController.swift */,
				47148AC025C1964200C04E3C /* Main.storyboard */,
				47148AC325C1964300C04E3C /* Assets.xcassets */,
				47148AC525C1964300C04E3C /* LaunchScreen.storyboard */,
				47148AC825C1964300C04E3C /* Info.plist */,
			);
			path = TestApp;
			sourceTree = "<group>";
		};
		47148AD025C1964300C04E3C /* TestAppTests */ = {
			isa = PBXGroup;
			children = (
				47148AD125C1964300C04E3C /* TestAppTests.swift */,
				47148AD325C1964300C04E3C /* Info.plist */,
			);
			path = TestAppTests;
			sourceTree = "<group>";
		};
		47148ADB25C1964300C04E3C /* TestAppUITests */ = {
			isa = PBXGroup;
			children = (
				47148ADC25C1964300C04E3C /* TestAppUITests.swift */,
				47148ADE25C1964300C04E3C /* Info.plist */,
			);
			path = TestAppUITests;
			sourceTree = "<group>";
		};
		F0BF551F8527F85DABBF46C2 /* Frameworks */ = {
			isa = PBXGroup;
			children = (
				470CE17525C307360079D73F /* CFNetwork.framework */,
				470CE16D25C2E97D0079D73F /* calabash.framework */,
				71B7024625A86CB83CEDB128 /* Pods_TestApp.framework */,
				D079FEE5CD179D5C2CAFE129 /* Pods_TestApp_TestAppUITests.framework */,
				738846F3B246F72EFFEA1056 /* Pods_TestAppTests.framework */,
			);
			name = Frameworks;
			sourceTree = "<group>";
		};
/* End PBXGroup section */

/* Begin PBXNativeTarget section */
		47148AB625C1964200C04E3C /* TestApp */ = {
			isa = PBXNativeTarget;
			buildConfigurationList = 47148AE125C1964300C04E3C /* Build configuration list for PBXNativeTarget "TestApp" */;
			buildPhases = (
				1CB9E68F48ACF3C06EA50F60 /* [CP] Check Pods Manifest.lock */,
				47148AB325C1964200C04E3C /* Sources */,
				47148AB425C1964200C04E3C /* Frameworks */,
				47148AB525C1964200C04E3C /* Resources */,
				9D7FE8E6D0B639295755DBFE /* [CP] Copy Pods Resources */,
				470CE17025C2E97D0079D73F /* Embed Frameworks */,
			);
			buildRules = (
			);
			dependencies = (
			);
			name = TestApp;
			productName = TestApp;
			productReference = 47148AB725C1964200C04E3C /* TestApp.app */;
			productType = "com.apple.product-type.application";
		};
		47148ACC25C1964300C04E3C /* TestAppTests */ = {
			isa = PBXNativeTarget;
			buildConfigurationList = 47148AE425C1964300C04E3C /* Build configuration list for PBXNativeTarget "TestAppTests" */;
			buildPhases = (
				558F4469C6043CF014D37D6D /* [CP] Check Pods Manifest.lock */,
				47148AC925C1964300C04E3C /* Sources */,
				47148ACA25C1964300C04E3C /* Frameworks */,
				47148ACB25C1964300C04E3C /* Resources */,
			);
			buildRules = (
			);
			dependencies = (
				47148ACF25C1964300C04E3C /* PBXTargetDependency */,
			);
			name = TestAppTests;
			productName = TestAppTests;
			productReference = 47148ACD25C1964300C04E3C /* TestAppTests.xctest */;
			productType = "com.apple.product-type.bundle.unit-test";
		};
		47148AD725C1964300C04E3C /* TestAppUITests */ = {
			isa = PBXNativeTarget;
			buildConfigurationList = 47148AE725C1964300C04E3C /* Build configuration list for PBXNativeTarget "TestAppUITests" */;
			buildPhases = (
				6F410744DCA102D8D9F9DDBD /* [CP] Check Pods Manifest.lock */,
				47148AD425C1964300C04E3C /* Sources */,
				47148AD525C1964300C04E3C /* Frameworks */,
				47148AD625C1964300C04E3C /* Resources */,
				4DF658EEBEAC134C26825DC4 /* [CP] Copy Pods Resources */,
			);
			buildRules = (
			);
			dependencies = (
				47148ADA25C1964300C04E3C /* PBXTargetDependency */,
			);
			name = TestAppUITests;
			productName = TestAppUITests;
			productReference = 47148AD825C1964300C04E3C /* TestAppUITests.xctest */;
			productType = "com.apple.product-type.bundle.ui-testing";
		};
/* End PBXNativeTarget section */

/* Begin PBXProject section */
		47148AAF25C1964200C04E3C /* Project object */ = {
			isa = PBXProject;
			attributes = {
				LastSwiftUpdateCheck = 1170;
				LastUpgradeCheck = 1170;
				ORGANIZATIONNAME = "Алан Максвелл";
				TargetAttributes = {
					47148AB625C1964200C04E3C = {
						CreatedOnToolsVersion = 11.7;
					};
					47148ACC25C1964300C04E3C = {
						CreatedOnToolsVersion = 11.7;
						TestTargetID = 47148AB625C1964200C04E3C;
					};
					47148AD725C1964300C04E3C = {
						CreatedOnToolsVersion = 11.7;
						TestTargetID = 47148AB625C1964200C04E3C;
					};
				};
			};
			buildConfigurationList = 47148AB225C1964200C04E3C /* Build configuration list for PBXProject "TestApp" */;
			compatibilityVersion = "Xcode 9.3";
			developmentRegion = en;
			hasScannedForEncodings = 0;
			knownRegions = (
				en,
				Base,
			);
			mainGroup = 47148AAE25C1964200C04E3C;
			productRefGroup = 47148AB825C1964200C04E3C /* Products */;
			projectDirPath = "";
			projectRoot = "";
			targets = (
				47148AB625C1964200C04E3C /* TestApp */,
				47148ACC25C1964300C04E3C /* TestAppTests */,
				47148AD725C1964300C04E3C /* TestAppUITests */,
			);
		};
/* End PBXProject section */

/* Begin PBXResourcesBuildPhase section */
		47148AB525C1964200C04E3C /* Resources */ = {
			isa = PBXResourcesBuildPhase;
			buildActionMask = 2147483647;
			files = (
				47148AC725C1964300C04E3C /* LaunchScreen.storyboard in Resources */,
				47148AC425C1964300C04E3C /* Assets.xcassets in Resources */,
				47148AC225C1964200C04E3C /* Main.storyboard in Resources */,
			);
			runOnlyForDeploymentPostprocessing = 0;
		};
		47148ACB25C1964300C04E3C /* Resources */ = {
			isa = PBXResourcesBuildPhase;
			buildActionMask = 2147483647;
			files = (
			);
			runOnlyForDeploymentPostprocessing = 0;
		};
		47148AD625C1964300C04E3C /* Resources */ = {
			isa = PBXResourcesBuildPhase;
			buildActionMask = 2147483647;
			files = (
			);
			runOnlyForDeploymentPostprocessing = 0;
		};
/* End PBXResourcesBuildPhase section */

/* Begin PBXShellScriptBuildPhase section */
		1CB9E68F48ACF3C06EA50F60 /* [CP] Check Pods Manifest.lock */ = {
			isa = PBXShellScriptBuildPhase;
			buildActionMask = 2147483647;
			files = (
			);
			inputFileListPaths = (
			);
			inputPaths = (
				"${PODS_PODFILE_DIR_PATH}/Podfile.lock",
				"${PODS_ROOT}/Manifest.lock",
			);
			name = "[CP] Check Pods Manifest.lock";
			outputFileListPaths = (
			);
			outputPaths = (
				"$(DERIVED_FILE_DIR)/Pods-TestApp-checkManifestLockResult.txt",
			);
			runOnlyForDeploymentPostprocessing = 0;
			shellPath = /bin/sh;
			shellScript = "diff \"${PODS_PODFILE_DIR_PATH}/Podfile.lock\" \"${PODS_ROOT}/Manifest.lock\" > /dev/null\nif [ $? != 0 ] ; then\n    # print error to STDERR\n    echo \"error: The sandbox is not in sync with the Podfile.lock. Run 'pod install' or update your CocoaPods installation.\" >&2\n    exit 1\nfi\n# This output is used by Xcode 'outputs' to avoid re-running this script phase.\necho \"SUCCESS\" > \"${SCRIPT_OUTPUT_FILE_0}\"\n";
			showEnvVarsInLog = 0;
		};
		4DF658EEBEAC134C26825DC4 /* [CP] Copy Pods Resources */ = {
			isa = PBXShellScriptBuildPhase;
			buildActionMask = 2147483647;
			files = (
			);
			inputFileListPaths = (
				"${PODS_ROOT}/Target Support Files/Pods-TestApp-TestAppUITests/Pods-TestApp-TestAppUITests-resources-${CONFIGURATION}-input-files.xcfilelist",
			);
			name = "[CP] Copy Pods Resources";
			outputFileListPaths = (
				"${PODS_ROOT}/Target Support Files/Pods-TestApp-TestAppUITests/Pods-TestApp-TestAppUITests-resources-${CONFIGURATION}-output-files.xcfilelist",
			);
			runOnlyForDeploymentPostprocessing = 0;
			shellPath = /bin/sh;
			shellScript = "\"${PODS_ROOT}/Target Support Files/Pods-TestApp-TestAppUITests/Pods-TestApp-TestAppUITests-resources.sh\"\n";
			showEnvVarsInLog = 0;
		};
		558F4469C6043CF014D37D6D /* [CP] Check Pods Manifest.lock */ = {
			isa = PBXShellScriptBuildPhase;
			buildActionMask = 2147483647;
			files = (
			);
			inputFileListPaths = (
			);
			inputPaths = (
				"${PODS_PODFILE_DIR_PATH}/Podfile.lock",
				"${PODS_ROOT}/Manifest.lock",
			);
			name = "[CP] Check Pods Manifest.lock";
			outputFileListPaths = (
			);
			outputPaths = (
				"$(DERIVED_FILE_DIR)/Pods-TestAppTests-checkManifestLockResult.txt",
			);
			runOnlyForDeploymentPostprocessing = 0;
			shellPath = /bin/sh;
			shellScript = "diff \"${PODS_PODFILE_DIR_PATH}/Podfile.lock\" \"${PODS_ROOT}/Manifest.lock\" > /dev/null\nif [ $? != 0 ] ; then\n    # print error to STDERR\n    echo \"error: The sandbox is not in sync with the Podfile.lock. Run 'pod install' or update your CocoaPods installation.\" >&2\n    exit 1\nfi\n# This output is used by Xcode 'outputs' to avoid re-running this script phase.\necho \"SUCCESS\" > \"${SCRIPT_OUTPUT_FILE_0}\"\n";
			showEnvVarsInLog = 0;
		};
		6F410744DCA102D8D9F9DDBD /* [CP] Check Pods Manifest.lock */ = {
			isa = PBXShellScriptBuildPhase;
			buildActionMask = 2147483647;
			files = (
			);
			inputFileListPaths = (
			);
			inputPaths = (
				"${PODS_PODFILE_DIR_PATH}/Podfile.lock",
				"${PODS_ROOT}/Manifest.lock",
			);
			name = "[CP] Check Pods Manifest.lock";
			outputFileListPaths = (
			);
			outputPaths = (
				"$(DERIVED_FILE_DIR)/Pods-TestApp-TestAppUITests-checkManifestLockResult.txt",
			);
			runOnlyForDeploymentPostprocessing = 0;
			shellPath = /bin/sh;
			shellScript = "diff \"${PODS_PODFILE_DIR_PATH}/Podfile.lock\" \"${PODS_ROOT}/Manifest.lock\" > /dev/null\nif [ $? != 0 ] ; then\n    # print error to STDERR\n    echo \"error: The sandbox is not in sync with the Podfile.lock. Run 'pod install' or update your CocoaPods installation.\" >&2\n    exit 1\nfi\n# This output is used by Xcode 'outputs' to avoid re-running this script phase.\necho \"SUCCESS\" > \"${SCRIPT_OUTPUT_FILE_0}\"\n";
			showEnvVarsInLog = 0;
		};
		9D7FE8E6D0B639295755DBFE /* [CP] Copy Pods Resources */ = {
			isa = PBXShellScriptBuildPhase;
			buildActionMask = 2147483647;
			files = (
			);
			inputFileListPaths = (
				"${PODS_ROOT}/Target Support Files/Pods-TestApp/Pods-TestApp-resources-${CONFIGURATION}-input-files.xcfilelist",
			);
			name = "[CP] Copy Pods Resources";
			outputFileListPaths = (
				"${PODS_ROOT}/Target Support Files/Pods-TestApp/Pods-TestApp-resources-${CONFIGURATION}-output-files.xcfilelist",
			);
			runOnlyForDeploymentPostprocessing = 0;
			shellPath = /bin/sh;
			shellScript = "\"${PODS_ROOT}/Target Support Files/Pods-TestApp/Pods-TestApp-resources.sh\"\n";
			showEnvVarsInLog = 0;
		};
/* End PBXShellScriptBuildPhase section */

/* Begin PBXSourcesBuildPhase section */
		47148AB325C1964200C04E3C /* Sources */ = {
			isa = PBXSourcesBuildPhase;
			buildActionMask = 2147483647;
			files = (
				47148ABF25C1964200C04E3C /* ViewController.swift in Sources */,
				47148ABB25C1964200C04E3C /* AppDelegate.swift in Sources */,
				47148ABD25C1964200C04E3C /* SceneDelegate.swift in Sources */,
			);
			runOnlyForDeploymentPostprocessing = 0;
		};
		47148AC925C1964300C04E3C /* Sources */ = {
			isa = PBXSourcesBuildPhase;
			buildActionMask = 2147483647;
			files = (
				47148AD225C1964300C04E3C /* TestAppTests.swift in Sources */,
			);
			runOnlyForDeploymentPostprocessing = 0;
		};
		47148AD425C1964300C04E3C /* Sources */ = {
			isa = PBXSourcesBuildPhase;
			buildActionMask = 2147483647;
			files = (
				47148ADD25C1964300C04E3C /* TestAppUITests.swift in Sources */,
			);
			runOnlyForDeploymentPostprocessing = 0;
		};
/* End PBXSourcesBuildPhase section */

/* Begin PBXTargetDependency section */
		47148ACF25C1964300C04E3C /* PBXTargetDependency */ = {
			isa = PBXTargetDependency;
			target = 47148AB625C1964200C04E3C /* TestApp */;
			targetProxy = 47148ACE25C1964300C04E3C /* PBXContainerItemProxy */;
		};
		47148ADA25C1964300C04E3C /* PBXTargetDependency */ = {
			isa = PBXTargetDependency;
			target = 47148AB625C1964200C04E3C /* TestApp */;
			targetProxy = 47148AD925C1964300C04E3C /* PBXContainerItemProxy */;
		};
/* End PBXTargetDependency section */

/* Begin PBXVariantGroup section */
		47148AC025C1964200C04E3C /* Main.storyboard */ = {
			isa = PBXVariantGroup;
			children = (
				47148AC125C1964200C04E3C /* Base */,
			);
			name = Main.storyboard;
			sourceTree = "<group>";
		};
		47148AC525C1964300C04E3C /* LaunchScreen.storyboard */ = {
			isa = PBXVariantGroup;
			children = (
				47148AC625C1964300C04E3C /* Base */,
			);
			name = LaunchScreen.storyboard;
			sourceTree = "<group>";
		};
/* End PBXVariantGroup section */

/* Begin XCBuildConfiguration section */
		47148ADF25C1964300C04E3C /* Debug */ = {
			isa = XCBuildConfiguration;
			buildSettings = {
				ALWAYS_SEARCH_USER_PATHS = NO;
				CLANG_ANALYZER_NONNULL = YES;
				CLANG_ANALYZER_NUMBER_OBJECT_CONVERSION = YES_AGGRESSIVE;
				CLANG_CXX_LANGUAGE_STANDARD = "gnu++14";
				CLANG_CXX_LIBRARY = "libc++";
				CLANG_ENABLE_MODULES = YES;
				CLANG_ENABLE_OBJC_ARC = YES;
				CLANG_ENABLE_OBJC_WEAK = YES;
				CLANG_WARN_BLOCK_CAPTURE_AUTORELEASING = YES;
				CLANG_WARN_BOOL_CONVERSION = YES;
				CLANG_WARN_COMMA = YES;
				CLANG_WARN_CONSTANT_CONVERSION = YES;
				CLANG_WARN_DEPRECATED_OBJC_IMPLEMENTATIONS = YES;
				CLANG_WARN_DIRECT_OBJC_ISA_USAGE = YES_ERROR;
				CLANG_WARN_DOCUMENTATION_COMMENTS = YES;
				CLANG_WARN_EMPTY_BODY = YES;
				CLANG_WARN_ENUM_CONVERSION = YES;
				CLANG_WARN_INFINITE_RECURSION = YES;
				CLANG_WARN_INT_CONVERSION = YES;
				CLANG_WARN_NON_LITERAL_NULL_CONVERSION = YES;
				CLANG_WARN_OBJC_IMPLICIT_RETAIN_SELF = YES;
				CLANG_WARN_OBJC_LITERAL_CONVERSION = YES;
				CLANG_WARN_OBJC_ROOT_CLASS = YES_ERROR;
				CLANG_WARN_RANGE_LOOP_ANALYSIS = YES;
				CLANG_WARN_STRICT_PROTOTYPES = YES;
				CLANG_WARN_SUSPICIOUS_MOVE = YES;
				CLANG_WARN_UNGUARDED_AVAILABILITY = YES_AGGRESSIVE;
				CLANG_WARN_UNREACHABLE_CODE = YES;
				CLANG_WARN__DUPLICATE_METHOD_MATCH = YES;
				COPY_PHASE_STRIP = NO;
				DEBUG_INFORMATION_FORMAT = dwarf;
				ENABLE_STRICT_OBJC_MSGSEND = YES;
				ENABLE_TESTABILITY = YES;
				GCC_C_LANGUAGE_STANDARD = gnu11;
				GCC_DYNAMIC_NO_PIC = NO;
				GCC_NO_COMMON_BLOCKS = YES;
				GCC_OPTIMIZATION_LEVEL = 0;
				GCC_PREPROCESSOR_DEFINITIONS = (
					"DEBUG=1",
					"$(inherited)",
				);
				GCC_WARN_64_TO_32_BIT_CONVERSION = YES;
				GCC_WARN_ABOUT_RETURN_TYPE = YES_ERROR;
				GCC_WARN_UNDECLARED_SELECTOR = YES;
				GCC_WARN_UNINITIALIZED_AUTOS = YES_AGGRESSIVE;
				GCC_WARN_UNUSED_FUNCTION = YES;
				GCC_WARN_UNUSED_VARIABLE = YES;
				IPHONEOS_DEPLOYMENT_TARGET = 13.7;
				MTL_ENABLE_DEBUG_INFO = INCLUDE_SOURCE;
				MTL_FAST_MATH = YES;
				ONLY_ACTIVE_ARCH = YES;
				SDKROOT = iphoneos;
				SWIFT_ACTIVE_COMPILATION_CONDITIONS = DEBUG;
				SWIFT_OPTIMIZATION_LEVEL = "-Onone";
			};
			name = Debug;
		};
		47148AE025C1964300C04E3C /* Release */ = {
			isa = XCBuildConfiguration;
			buildSettings = {
				ALWAYS_SEARCH_USER_PATHS = NO;
				CLANG_ANALYZER_NONNULL = YES;
				CLANG_ANALYZER_NUMBER_OBJECT_CONVERSION = YES_AGGRESSIVE;
				CLANG_CXX_LANGUAGE_STANDARD = "gnu++14";
				CLANG_CXX_LIBRARY = "libc++";
				CLANG_ENABLE_MODULES = YES;
				CLANG_ENABLE_OBJC_ARC = YES;
				CLANG_ENABLE_OBJC_WEAK = YES;
				CLANG_WARN_BLOCK_CAPTURE_AUTORELEASING = YES;
				CLANG_WARN_BOOL_CONVERSION = YES;
				CLANG_WARN_COMMA = YES;
				CLANG_WARN_CONSTANT_CONVERSION = YES;
				CLANG_WARN_DEPRECATED_OBJC_IMPLEMENTATIONS = YES;
				CLANG_WARN_DIRECT_OBJC_ISA_USAGE = YES_ERROR;
				CLANG_WARN_DOCUMENTATION_COMMENTS = YES;
				CLANG_WARN_EMPTY_BODY = YES;
				CLANG_WARN_ENUM_CONVERSION = YES;
				CLANG_WARN_INFINITE_RECURSION = YES;
				CLANG_WARN_INT_CONVERSION = YES;
				CLANG_WARN_NON_LITERAL_NULL_CONVERSION = YES;
				CLANG_WARN_OBJC_IMPLICIT_RETAIN_SELF = YES;
				CLANG_WARN_OBJC_LITERAL_CONVERSION = YES;
				CLANG_WARN_OBJC_ROOT_CLASS = YES_ERROR;
				CLANG_WARN_RANGE_LOOP_ANALYSIS = YES;
				CLANG_WARN_STRICT_PROTOTYPES = YES;
				CLANG_WARN_SUSPICIOUS_MOVE = YES;
				CLANG_WARN_UNGUARDED_AVAILABILITY = YES_AGGRESSIVE;
				CLANG_WARN_UNREACHABLE_CODE = YES;
				CLANG_WARN__DUPLICATE_METHOD_MATCH = YES;
				COPY_PHASE_STRIP = NO;
				DEBUG_INFORMATION_FORMAT = "dwarf-with-dsym";
				ENABLE_NS_ASSERTIONS = NO;
				ENABLE_STRICT_OBJC_MSGSEND = YES;
				GCC_C_LANGUAGE_STANDARD = gnu11;
				GCC_NO_COMMON_BLOCKS = YES;
				GCC_WARN_64_TO_32_BIT_CONVERSION = YES;
				GCC_WARN_ABOUT_RETURN_TYPE = YES_ERROR;
				GCC_WARN_UNDECLARED_SELECTOR = YES;
				GCC_WARN_UNINITIALIZED_AUTOS = YES_AGGRESSIVE;
				GCC_WARN_UNUSED_FUNCTION = YES;
				GCC_WARN_UNUSED_VARIABLE = YES;
				IPHONEOS_DEPLOYMENT_TARGET = 13.7;
				MTL_ENABLE_DEBUG_INFO = NO;
				MTL_FAST_MATH = YES;
				SDKROOT = iphoneos;
				SWIFT_COMPILATION_MODE = wholemodule;
				SWIFT_OPTIMIZATION_LEVEL = "-O";
				VALIDATE_PRODUCT = YES;
			};
			name = Release;
		};
		47148AE225C1964300C04E3C /* Debug */ = {
			isa = XCBuildConfiguration;
			baseConfigurationReference = 714261D9EB03604C00F693BA /* Pods-TestApp.debug.xcconfig */;
			buildSettings = {
				ASSETCATALOG_COMPILER_APPICON_NAME = AppIcon;
				CODE_SIGN_STYLE = Automatic;
				DEVELOPMENT_TEAM = 7SZ87Y56TN;
				FRAMEWORK_SEARCH_PATHS = (
					"$(inherited)",
					"$(PROJECT_DIR)",
					"\"$(SRCROOT)\"",
				);
				INFOPLIST_FILE = TestApp/Info.plist;
				IPHONEOS_DEPLOYMENT_TARGET = 13.7;
				LD_RUNPATH_SEARCH_PATHS = (
					"$(inherited)",
					"@executable_path/Frameworks",
				);
				OTHER_LDFLAGS = (
					"$(inherited)",
					"-l\"c++\"",
					"-l\"sqlite3\"",
					"-l\"z\"",
					"-ObjC",
					"-framework",
					"\"CFNetwork\"",
					"-force_load",
					"$(PROJECT_DIR)/calabash.framework/calabash",
					"-framework",
					"\"AppCenter\"",
					"-framework",
					"\"AppCenterAnalytics\"",
					"-framework",
					"\"AppCenterCrashes\"",
					"-framework",
					"\"AppCenterDistribute\"",
					"-framework",
					"\"CoreTelephony\"",
					"-framework",
					"\"Foundation\"",
					"-framework",
					"\"SystemConfiguration\"",
					"-framework",
					"\"UIKit\"",
					"-weak_framework",
					"\"SafariServices\"",
				);
				PRODUCT_BUNDLE_IDENTIFIER = com.myCompany.TestApp8;
				PRODUCT_NAME = "$(TARGET_NAME)";
				SWIFT_VERSION = 5.0;
				TARGETED_DEVICE_FAMILY = "1,2";
			};
			name = Debug;
		};
		47148AE325C1964300C04E3C /* Release */ = {
			isa = XCBuildConfiguration;
			baseConfigurationReference = AE84ADEF81ACAD28D1D390E5 /* Pods-TestApp.release.xcconfig */;
			buildSettings = {
				ASSETCATALOG_COMPILER_APPICON_NAME = AppIcon;
				CODE_SIGN_STYLE = Automatic;
				DEVELOPMENT_TEAM = 7SZ87Y56TN;
				FRAMEWORK_SEARCH_PATHS = (
					"$(inherited)",
					"$(PROJECT_DIR)",
					"\"$(SRCROOT)\"",
				);
				INFOPLIST_FILE = TestApp/Info.plist;
				IPHONEOS_DEPLOYMENT_TARGET = 13.7;
				LD_RUNPATH_SEARCH_PATHS = (
					"$(inherited)",
					"@executable_path/Frameworks",
				);
				OTHER_LDFLAGS = (
					"$(inherited)",
					"-l\"c++\"",
					"-l\"sqlite3\"",
					"-l\"z\"",
					"-ObjC",
					"-framework",
					"\"CFNetwork\"",
					"-force_load",
					"$(PROJECT_DIR)/calabash.framework/calabash",
					"-framework",
					"\"AppCenter\"",
					"-framework",
					"\"AppCenterAnalytics\"",
					"-framework",
					"\"AppCenterCrashes\"",
					"-framework",
					"\"AppCenterDistribute\"",
					"-framework",
					"\"CoreTelephony\"",
					"-framework",
					"\"Foundation\"",
					"-framework",
					"\"SystemConfiguration\"",
					"-framework",
					"\"UIKit\"",
					"-weak_framework",
					"\"SafariServices\"",
				);
				PRODUCT_BUNDLE_IDENTIFIER = com.myCompany.TestApp8;
				PRODUCT_NAME = "$(TARGET_NAME)";
				SWIFT_VERSION = 5.0;
				TARGETED_DEVICE_FAMILY = "1,2";
			};
			name = Release;
		};
		47148AE525C1964300C04E3C /* Debug */ = {
			isa = XCBuildConfiguration;
			baseConfigurationReference = 0D12D9998A03AAFA1D23D119 /* Pods-TestAppTests.debug.xcconfig */;
			buildSettings = {
				ALWAYS_EMBED_SWIFT_STANDARD_LIBRARIES = YES;
				BUNDLE_LOADER = "$(TEST_HOST)";
				CODE_SIGN_STYLE = Automatic;
				DEVELOPMENT_TEAM = 7SZ87Y56TN;
				INFOPLIST_FILE = TestAppTests/Info.plist;
				IPHONEOS_DEPLOYMENT_TARGET = 13.7;
				LD_RUNPATH_SEARCH_PATHS = (
					"$(inherited)",
					"@executable_path/Frameworks",
					"@loader_path/Frameworks",
				);
				PRODUCT_BUNDLE_IDENTIFIER = com.myCompany.TestAppTests;
				PRODUCT_NAME = "$(TARGET_NAME)";
				SWIFT_VERSION = 5.0;
				TARGETED_DEVICE_FAMILY = "1,2";
				TEST_HOST = "$(BUILT_PRODUCTS_DIR)/TestApp.app/TestApp";
			};
			name = Debug;
		};
		47148AE625C1964300C04E3C /* Release */ = {
			isa = XCBuildConfiguration;
			baseConfigurationReference = 87B66B904347DB95FDF8D063 /* Pods-TestAppTests.release.xcconfig */;
			buildSettings = {
				ALWAYS_EMBED_SWIFT_STANDARD_LIBRARIES = YES;
				BUNDLE_LOADER = "$(TEST_HOST)";
				CODE_SIGN_STYLE = Automatic;
				DEVELOPMENT_TEAM = 7SZ87Y56TN;
				INFOPLIST_FILE = TestAppTests/Info.plist;
				IPHONEOS_DEPLOYMENT_TARGET = 13.7;
				LD_RUNPATH_SEARCH_PATHS = (
					"$(inherited)",
					"@executable_path/Frameworks",
					"@loader_path/Frameworks",
				);
				PRODUCT_BUNDLE_IDENTIFIER = com.myCompany.TestAppTests;
				PRODUCT_NAME = "$(TARGET_NAME)";
				SWIFT_VERSION = 5.0;
				TARGETED_DEVICE_FAMILY = "1,2";
				TEST_HOST = "$(BUILT_PRODUCTS_DIR)/TestApp.app/TestApp";
			};
			name = Release;
		};
		47148AE825C1964300C04E3C /* Debug */ = {
			isa = XCBuildConfiguration;
			baseConfigurationReference = 3D0A2DF3EC66ECA2CAAB4B28 /* Pods-TestApp-TestAppUITests.debug.xcconfig */;
			buildSettings = {
				ALWAYS_EMBED_SWIFT_STANDARD_LIBRARIES = YES;
				CODE_SIGN_STYLE = Automatic;
				DEVELOPMENT_TEAM = 7SZ87Y56TN;
				INFOPLIST_FILE = TestAppUITests/Info.plist;
				IPHONEOS_DEPLOYMENT_TARGET = 13.7;
				LD_RUNPATH_SEARCH_PATHS = (
					"$(inherited)",
					"@executable_path/Frameworks",
					"@loader_path/Frameworks",
				);
				PRODUCT_BUNDLE_IDENTIFIER = com.myCompany.TestAppUITests;
				PRODUCT_NAME = "$(TARGET_NAME)";
				SWIFT_VERSION = 5.0;
				TARGETED_DEVICE_FAMILY = "1,2";
				TEST_TARGET_NAME = TestApp;
			};
			name = Debug;
		};
		47148AE925C1964300C04E3C /* Release */ = {
			isa = XCBuildConfiguration;
			baseConfigurationReference = 6B4CCB48EE35EF05C34AF82A /* Pods-TestApp-TestAppUITests.release.xcconfig */;
			buildSettings = {
				ALWAYS_EMBED_SWIFT_STANDARD_LIBRARIES = YES;
				CODE_SIGN_STYLE = Automatic;
				DEVELOPMENT_TEAM = 7SZ87Y56TN;
				INFOPLIST_FILE = TestAppUITests/Info.plist;
				IPHONEOS_DEPLOYMENT_TARGET = 13.7;
				LD_RUNPATH_SEARCH_PATHS = (
					"$(inherited)",
					"@executable_path/Frameworks",
					"@loader_path/Frameworks",
				);
				PRODUCT_BUNDLE_IDENTIFIER = com.myCompany.TestAppUITests;
				PRODUCT_NAME = "$(TARGET_NAME)";
				SWIFT_VERSION = 5.0;
				TARGETED_DEVICE_FAMILY = "1,2";
				TEST_TARGET_NAME = TestApp;
			};
			name = Release;
		};
/* End XCBuildConfiguration section */

/* Begin XCConfigurationList section */
		47148AB225C1964200C04E3C /* Build configuration list for PBXProject "TestApp" */ = {
			isa = XCConfigurationList;
			buildConfigurations = (
				47148ADF25C1964300C04E3C /* Debug */,
				47148AE025C1964300C04E3C /* Release */,
			);
			defaultConfigurationIsVisible = 0;
			defaultConfigurationName = Release;
		};
		47148AE125C1964300C04E3C /* Build configuration list for PBXNativeTarget "TestApp" */ = {
			isa = XCConfigurationList;
			buildConfigurations = (
				47148AE225C1964300C04E3C /* Debug */,
				47148AE325C1964300C04E3C /* Release */,
			);
			defaultConfigurationIsVisible = 0;
			defaultConfigurationName = Release;
		};
		47148AE425C1964300C04E3C /* Build configuration list for PBXNativeTarget "TestAppTests" */ = {
			isa = XCConfigurationList;
			buildConfigurations = (
				47148AE525C1964300C04E3C /* Debug */,
				47148AE625C1964300C04E3C /* Release */,
			);
			defaultConfigurationIsVisible = 0;
			defaultConfigurationName = Release;
		};
		47148AE725C1964300C04E3C /* Build configuration list for PBXNativeTarget "TestAppUITests" */ = {
			isa = XCConfigurationList;
			buildConfigurations = (
				47148AE825C1964300C04E3C /* Debug */,
				47148AE925C1964300C04E3C /* Release */,
			);
			defaultConfigurationIsVisible = 0;
			defaultConfigurationName = Release;
		};
/* End XCConfigurationList section */
	};
	rootObject = 47148AAF25C1964200C04E3C /* Project object */;
}
