// !$*UTF8*$!
{
	archiveVersion = 1;
	classes = {
	};
	objectVersion = 51;
	objects = {

/* Begin PBXBuildFile section */
		47B52A7525C03ABC006D5608 /* AppDelegate.swift in Sources */ = {isa = PBXBuildFile; fileRef = 47B52A7425C03ABC006D5608 /* AppDelegate.swift */; };
		47B52A7725C03ABC006D5608 /* SceneDelegate.swift in Sources */ = {isa = PBXBuildFile; fileRef = 47B52A7625C03ABC006D5608 /* SceneDelegate.swift */; };
		47B52A7925C03ABC006D5608 /* ViewController.swift in Sources */ = {isa = PBXBuildFile; fileRef = 47B52A7825C03ABC006D5608 /* ViewController.swift */; };
		47B52A7C25C03ABC006D5608 /* Main.storyboard in Resources */ = {isa = PBXBuildFile; fileRef = 47B52A7A25C03ABC006D5608 /* Main.storyboard */; };
		47B52A7E25C03ABE006D5608 /* Assets.xcassets in Resources */ = {isa = PBXBuildFile; fileRef = 47B52A7D25C03ABE006D5608 /* Assets.xcassets */; };
		47B52A8125C03ABE006D5608 /* LaunchScreen.storyboard in Resources */ = {isa = PBXBuildFile; fileRef = 47B52A7F25C03ABE006D5608 /* LaunchScreen.storyboard */; };
		47B52A8C25C03ABE006D5608 /* TestAppTests.swift in Sources */ = {isa = PBXBuildFile; fileRef = 47B52A8B25C03ABE006D5608 /* TestAppTests.swift */; };
		47B52A9725C03ABE006D5608 /* TestAppUITests.swift in Sources */ = {isa = PBXBuildFile; fileRef = 47B52A9625C03ABE006D5608 /* TestAppUITests.swift */; };
		589609847BFF72D0DE130F43 /* Pods_TestApp.framework in Frameworks */ = {isa = PBXBuildFile; fileRef = 31325FA922684A0ED5560D6A /* Pods_TestApp.framework */; };
		689FD5AAE638B5F576433559 /* Pods_TestApp_TestAppUITests.framework in Frameworks */ = {isa = PBXBuildFile; fileRef = 2F6D555A2D697F5F74E1AA52 /* Pods_TestApp_TestAppUITests.framework */; };
		F840A4B8BD27FA6FF01634E6 /* Pods_TestAppTests.framework in Frameworks */ = {isa = PBXBuildFile; fileRef = A467A16396E089D079DBE842 /* Pods_TestAppTests.framework */; };
/* End PBXBuildFile section */

/* Begin PBXContainerItemProxy section */
		47B52A8825C03ABE006D5608 /* PBXContainerItemProxy */ = {
			isa = PBXContainerItemProxy;
			containerPortal = 47B52A6925C03ABC006D5608 /* Project object */;
			proxyType = 1;
			remoteGlobalIDString = 47B52A7025C03ABC006D5608;
			remoteInfo = TestApp;
		};
		47B52A9325C03ABE006D5608 /* PBXContainerItemProxy */ = {
			isa = PBXContainerItemProxy;
			containerPortal = 47B52A6925C03ABC006D5608 /* Project object */;
			proxyType = 1;
			remoteGlobalIDString = 47B52A7025C03ABC006D5608;
			remoteInfo = TestApp;
		};
/* End PBXContainerItemProxy section */

/* Begin PBXFileReference section */
		04540972A371E3EFF5BBCB2E /* Pods-TestApp.release.xcconfig */ = {isa = PBXFileReference; includeInIndex = 1; lastKnownFileType = text.xcconfig; name = "Pods-TestApp.release.xcconfig"; path = "Target Support Files/Pods-TestApp/Pods-TestApp.release.xcconfig"; sourceTree = "<group>"; };
		08D50F5FAD1BE04A160E4606 /* Pods-TestAppTests.debug.xcconfig */ = {isa = PBXFileReference; includeInIndex = 1; lastKnownFileType = text.xcconfig; name = "Pods-TestAppTests.debug.xcconfig"; path = "Target Support Files/Pods-TestAppTests/Pods-TestAppTests.debug.xcconfig"; sourceTree = "<group>"; };
		2F6D555A2D697F5F74E1AA52 /* Pods_TestApp_TestAppUITests.framework */ = {isa = PBXFileReference; explicitFileType = wrapper.framework; includeInIndex = 0; path = Pods_TestApp_TestAppUITests.framework; sourceTree = BUILT_PRODUCTS_DIR; };
		31325FA922684A0ED5560D6A /* Pods_TestApp.framework */ = {isa = PBXFileReference; explicitFileType = wrapper.framework; includeInIndex = 0; path = Pods_TestApp.framework; sourceTree = BUILT_PRODUCTS_DIR; };
		47B52A7125C03ABC006D5608 /* TestApp.app */ = {isa = PBXFileReference; explicitFileType = wrapper.application; includeInIndex = 0; path = TestApp.app; sourceTree = BUILT_PRODUCTS_DIR; };
		47B52A7425C03ABC006D5608 /* AppDelegate.swift */ = {isa = PBXFileReference; lastKnownFileType = sourcecode.swift; path = AppDelegate.swift; sourceTree = "<group>"; };
		47B52A7625C03ABC006D5608 /* SceneDelegate.swift */ = {isa = PBXFileReference; lastKnownFileType = sourcecode.swift; path = SceneDelegate.swift; sourceTree = "<group>"; };
		47B52A7825C03ABC006D5608 /* ViewController.swift */ = {isa = PBXFileReference; lastKnownFileType = sourcecode.swift; path = ViewController.swift; sourceTree = "<group>"; };
		47B52A7B25C03ABC006D5608 /* Base */ = {isa = PBXFileReference; lastKnownFileType = file.storyboard; name = Base; path = Base.lproj/Main.storyboard; sourceTree = "<group>"; };
		47B52A7D25C03ABE006D5608 /* Assets.xcassets */ = {isa = PBXFileReference; lastKnownFileType = folder.assetcatalog; path = Assets.xcassets; sourceTree = "<group>"; };
		47B52A8025C03ABE006D5608 /* Base */ = {isa = PBXFileReference; lastKnownFileType = file.storyboard; name = Base; path = Base.lproj/LaunchScreen.storyboard; sourceTree = "<group>"; };
		47B52A8225C03ABE006D5608 /* Info.plist */ = {isa = PBXFileReference; lastKnownFileType = text.plist.xml; path = Info.plist; sourceTree = "<group>"; };
		47B52A8725C03ABE006D5608 /* TestAppTests.xctest */ = {isa = PBXFileReference; explicitFileType = wrapper.cfbundle; includeInIndex = 0; path = TestAppTests.xctest; sourceTree = BUILT_PRODUCTS_DIR; };
		47B52A8B25C03ABE006D5608 /* TestAppTests.swift */ = {isa = PBXFileReference; lastKnownFileType = sourcecode.swift; path = TestAppTests.swift; sourceTree = "<group>"; };
		47B52A8D25C03ABE006D5608 /* Info.plist */ = {isa = PBXFileReference; lastKnownFileType = text.plist.xml; path = Info.plist; sourceTree = "<group>"; };
		47B52A9225C03ABE006D5608 /* TestAppUITests.xctest */ = {isa = PBXFileReference; explicitFileType = wrapper.cfbundle; includeInIndex = 0; path = TestAppUITests.xctest; sourceTree = BUILT_PRODUCTS_DIR; };
		47B52A9625C03ABE006D5608 /* TestAppUITests.swift */ = {isa = PBXFileReference; lastKnownFileType = sourcecode.swift; path = TestAppUITests.swift; sourceTree = "<group>"; };
		47B52A9825C03ABE006D5608 /* Info.plist */ = {isa = PBXFileReference; lastKnownFileType = text.plist.xml; path = Info.plist; sourceTree = "<group>"; };
		6BBC906AEC3F2BC1CDFB081C /* Pods-TestApp-TestAppUITests.release.xcconfig */ = {isa = PBXFileReference; includeInIndex = 1; lastKnownFileType = text.xcconfig; name = "Pods-TestApp-TestAppUITests.release.xcconfig"; path = "Target Support Files/Pods-TestApp-TestAppUITests/Pods-TestApp-TestAppUITests.release.xcconfig"; sourceTree = "<group>"; };
		7AC3B871E993CBD94903AACC /* Pods-TestApp.debug.xcconfig */ = {isa = PBXFileReference; includeInIndex = 1; lastKnownFileType = text.xcconfig; name = "Pods-TestApp.debug.xcconfig"; path = "Target Support Files/Pods-TestApp/Pods-TestApp.debug.xcconfig"; sourceTree = "<group>"; };
		A467A16396E089D079DBE842 /* Pods_TestAppTests.framework */ = {isa = PBXFileReference; explicitFileType = wrapper.framework; includeInIndex = 0; path = Pods_TestAppTests.framework; sourceTree = BUILT_PRODUCTS_DIR; };
		DD9F697D0DD7D6997BC71979 /* Pods-TestAppTests.release.xcconfig */ = {isa = PBXFileReference; includeInIndex = 1; lastKnownFileType = text.xcconfig; name = "Pods-TestAppTests.release.xcconfig"; path = "Target Support Files/Pods-TestAppTests/Pods-TestAppTests.release.xcconfig"; sourceTree = "<group>"; };
		E372EEB5B162A5B55999FB06 /* Pods-TestApp-TestAppUITests.debug.xcconfig */ = {isa = PBXFileReference; includeInIndex = 1; lastKnownFileType = text.xcconfig; name = "Pods-TestApp-TestAppUITests.debug.xcconfig"; path = "Target Support Files/Pods-TestApp-TestAppUITests/Pods-TestApp-TestAppUITests.debug.xcconfig"; sourceTree = "<group>"; };
/* End PBXFileReference section */

/* Begin PBXFrameworksBuildPhase section */
		47B52A6E25C03ABC006D5608 /* Frameworks */ = {
			isa = PBXFrameworksBuildPhase;
			buildActionMask = 2147483647;
			files = (
				589609847BFF72D0DE130F43 /* Pods_TestApp.framework in Frameworks */,
			);
			runOnlyForDeploymentPostprocessing = 0;
		};
		47B52A8425C03ABE006D5608 /* Frameworks */ = {
			isa = PBXFrameworksBuildPhase;
			buildActionMask = 2147483647;
			files = (
				F840A4B8BD27FA6FF01634E6 /* Pods_TestAppTests.framework in Frameworks */,
			);
			runOnlyForDeploymentPostprocessing = 0;
		};
		47B52A8F25C03ABE006D5608 /* Frameworks */ = {
			isa = PBXFrameworksBuildPhase;
			buildActionMask = 2147483647;
			files = (
				689FD5AAE638B5F576433559 /* Pods_TestApp_TestAppUITests.framework in Frameworks */,
			);
			runOnlyForDeploymentPostprocessing = 0;
		};
/* End PBXFrameworksBuildPhase section */

/* Begin PBXGroup section */
		133F6B250169F1F1F2179032 /* Frameworks */ = {
			isa = PBXGroup;
			children = (
				31325FA922684A0ED5560D6A /* Pods_TestApp.framework */,
				2F6D555A2D697F5F74E1AA52 /* Pods_TestApp_TestAppUITests.framework */,
				A467A16396E089D079DBE842 /* Pods_TestAppTests.framework */,
			);
			name = Frameworks;
			sourceTree = "<group>";
		};
		47B52A6825C03ABC006D5608 = {
			isa = PBXGroup;
			children = (
				47B52A7325C03ABC006D5608 /* TestApp */,
				47B52A8A25C03ABE006D5608 /* TestAppTests */,
				47B52A9525C03ABE006D5608 /* TestAppUITests */,
				47B52A7225C03ABC006D5608 /* Products */,
				93452F16ABDD2BA493051BF2 /* Pods */,
				133F6B250169F1F1F2179032 /* Frameworks */,
			);
			sourceTree = "<group>";
		};
		47B52A7225C03ABC006D5608 /* Products */ = {
			isa = PBXGroup;
			children = (
				47B52A7125C03ABC006D5608 /* TestApp.app */,
				47B52A8725C03ABE006D5608 /* TestAppTests.xctest */,
				47B52A9225C03ABE006D5608 /* TestAppUITests.xctest */,
			);
			name = Products;
			sourceTree = "<group>";
		};
		47B52A7325C03ABC006D5608 /* TestApp */ = {
			isa = PBXGroup;
			children = (
				47B52A7425C03ABC006D5608 /* AppDelegate.swift */,
				47B52A7625C03ABC006D5608 /* SceneDelegate.swift */,
				47B52A7825C03ABC006D5608 /* ViewController.swift */,
				47B52A7A25C03ABC006D5608 /* Main.storyboard */,
				47B52A7D25C03ABE006D5608 /* Assets.xcassets */,
				47B52A7F25C03ABE006D5608 /* LaunchScreen.storyboard */,
				47B52A8225C03ABE006D5608 /* Info.plist */,
			);
			path = TestApp;
			sourceTree = "<group>";
		};
		47B52A8A25C03ABE006D5608 /* TestAppTests */ = {
			isa = PBXGroup;
			children = (
				47B52A8B25C03ABE006D5608 /* TestAppTests.swift */,
				47B52A8D25C03ABE006D5608 /* Info.plist */,
			);
			path = TestAppTests;
			sourceTree = "<group>";
		};
		47B52A9525C03ABE006D5608 /* TestAppUITests */ = {
			isa = PBXGroup;
			children = (
				47B52A9625C03ABE006D5608 /* TestAppUITests.swift */,
				47B52A9825C03ABE006D5608 /* Info.plist */,
			);
			path = TestAppUITests;
			sourceTree = "<group>";
		};
		93452F16ABDD2BA493051BF2 /* Pods */ = {
			isa = PBXGroup;
			children = (
				7AC3B871E993CBD94903AACC /* Pods-TestApp.debug.xcconfig */,
				04540972A371E3EFF5BBCB2E /* Pods-TestApp.release.xcconfig */,
				E372EEB5B162A5B55999FB06 /* Pods-TestApp-TestAppUITests.debug.xcconfig */,
				6BBC906AEC3F2BC1CDFB081C /* Pods-TestApp-TestAppUITests.release.xcconfig */,
				08D50F5FAD1BE04A160E4606 /* Pods-TestAppTests.debug.xcconfig */,
				DD9F697D0DD7D6997BC71979 /* Pods-TestAppTests.release.xcconfig */,
			);
			path = Pods;
			sourceTree = "<group>";
		};
/* End PBXGroup section */

/* Begin PBXNativeTarget section */
		47B52A7025C03ABC006D5608 /* TestApp */ = {
			isa = PBXNativeTarget;
			buildConfigurationList = 47B52A9B25C03ABE006D5608 /* Build configuration list for PBXNativeTarget "TestApp" */;
			buildPhases = (
				3A8A4872BDF8D2E24D07C206 /* [CP] Check Pods Manifest.lock */,
				47B52A6D25C03ABC006D5608 /* Sources */,
				47B52A6E25C03ABC006D5608 /* Frameworks */,
				47B52A6F25C03ABC006D5608 /* Resources */,
				F4BE6F554E4657AC74EAFBB1 /* [CP] Copy Pods Resources */,
			);
			buildRules = (
			);
			dependencies = (
			);
			name = TestApp;
			productName = TestApp;
			productReference = 47B52A7125C03ABC006D5608 /* TestApp.app */;
			productType = "com.apple.product-type.application";
		};
		47B52A8625C03ABE006D5608 /* TestAppTests */ = {
			isa = PBXNativeTarget;
			buildConfigurationList = 47B52A9E25C03ABE006D5608 /* Build configuration list for PBXNativeTarget "TestAppTests" */;
			buildPhases = (
				D10764F153D2B21B78C122D7 /* [CP] Check Pods Manifest.lock */,
				47B52A8325C03ABE006D5608 /* Sources */,
				47B52A8425C03ABE006D5608 /* Frameworks */,
				47B52A8525C03ABE006D5608 /* Resources */,
			);
			buildRules = (
			);
			dependencies = (
				47B52A8925C03ABE006D5608 /* PBXTargetDependency */,
			);
			name = TestAppTests;
			productName = TestAppTests;
			productReference = 47B52A8725C03ABE006D5608 /* TestAppTests.xctest */;
			productType = "com.apple.product-type.bundle.unit-test";
		};
		47B52A9125C03ABE006D5608 /* TestAppUITests */ = {
			isa = PBXNativeTarget;
			buildConfigurationList = 47B52AA125C03ABE006D5608 /* Build configuration list for PBXNativeTarget "TestAppUITests" */;
			buildPhases = (
				0F127912579F7D8A21021FC2 /* [CP] Check Pods Manifest.lock */,
				47B52A8E25C03ABE006D5608 /* Sources */,
				47B52A8F25C03ABE006D5608 /* Frameworks */,
				47B52A9025C03ABE006D5608 /* Resources */,
				F2AADAD50FF172F62043C913 /* [CP] Copy Pods Resources */,
			);
			buildRules = (
			);
			dependencies = (
				47B52A9425C03ABE006D5608 /* PBXTargetDependency */,
			);
			name = TestAppUITests;
			productName = TestAppUITests;
			productReference = 47B52A9225C03ABE006D5608 /* TestAppUITests.xctest */;
			productType = "com.apple.product-type.bundle.ui-testing";
		};
/* End PBXNativeTarget section */

/* Begin PBXProject section */
		47B52A6925C03ABC006D5608 /* Project object */ = {
			isa = PBXProject;
			attributes = {
				LastSwiftUpdateCheck = 1230;
				LastUpgradeCheck = 1230;
				TargetAttributes = {
					47B52A7025C03ABC006D5608 = {
						CreatedOnToolsVersion = 12.3;
					};
					47B52A8625C03ABE006D5608 = {
						CreatedOnToolsVersion = 12.3;
						TestTargetID = 47B52A7025C03ABC006D5608;
					};
					47B52A9125C03ABE006D5608 = {
						CreatedOnToolsVersion = 12.3;
						TestTargetID = 47B52A7025C03ABC006D5608;
					};
				};
			};
			buildConfigurationList = 47B52A6C25C03ABC006D5608 /* Build configuration list for PBXProject "TestApp" */;
			compatibilityVersion = "Xcode 9.3";
			developmentRegion = en;
			hasScannedForEncodings = 0;
			knownRegions = (
				en,
				Base,
			);
			mainGroup = 47B52A6825C03ABC006D5608;
			productRefGroup = 47B52A7225C03ABC006D5608 /* Products */;
			projectDirPath = "";
			projectRoot = "";
			targets = (
				47B52A7025C03ABC006D5608 /* TestApp */,
				47B52A8625C03ABE006D5608 /* TestAppTests */,
				47B52A9125C03ABE006D5608 /* TestAppUITests */,
			);
		};
/* End PBXProject section */

/* Begin PBXResourcesBuildPhase section */
		47B52A6F25C03ABC006D5608 /* Resources */ = {
			isa = PBXResourcesBuildPhase;
			buildActionMask = 2147483647;
			files = (
				47B52A8125C03ABE006D5608 /* LaunchScreen.storyboard in Resources */,
				47B52A7E25C03ABE006D5608 /* Assets.xcassets in Resources */,
				47B52A7C25C03ABC006D5608 /* Main.storyboard in Resources */,
			);
			runOnlyForDeploymentPostprocessing = 0;
		};
		47B52A8525C03ABE006D5608 /* Resources */ = {
			isa = PBXResourcesBuildPhase;
			buildActionMask = 2147483647;
			files = (
			);
			runOnlyForDeploymentPostprocessing = 0;
		};
		47B52A9025C03ABE006D5608 /* Resources */ = {
			isa = PBXResourcesBuildPhase;
			buildActionMask = 2147483647;
			files = (
			);
			runOnlyForDeploymentPostprocessing = 0;
		};
/* End PBXResourcesBuildPhase section */

/* Begin PBXShellScriptBuildPhase section */
		0F127912579F7D8A21021FC2 /* [CP] Check Pods Manifest.lock */ = {
			isa = PBXShellScriptBuildPhase;
			buildActionMask = 2147483647;
			files = (
			);
			inputFileListPaths = (
			);
			inputPaths = (
				"${PODS_PODFILE_DIR_PATH}/Podfile.lock",
				"${PODS_ROOT}/Manifest.lock",
			);
			name = "[CP] Check Pods Manifest.lock";
			outputFileListPaths = (
			);
			outputPaths = (
				"$(DERIVED_FILE_DIR)/Pods-TestApp-TestAppUITests-checkManifestLockResult.txt",
			);
			runOnlyForDeploymentPostprocessing = 0;
			shellPath = /bin/sh;
			shellScript = "diff \"${PODS_PODFILE_DIR_PATH}/Podfile.lock\" \"${PODS_ROOT}/Manifest.lock\" > /dev/null\nif [ $? != 0 ] ; then\n    # print error to STDERR\n    echo \"error: The sandbox is not in sync with the Podfile.lock. Run 'pod install' or update your CocoaPods installation.\" >&2\n    exit 1\nfi\n# This output is used by Xcode 'outputs' to avoid re-running this script phase.\necho \"SUCCESS\" > \"${SCRIPT_OUTPUT_FILE_0}\"\n";
			showEnvVarsInLog = 0;
		};
		3A8A4872BDF8D2E24D07C206 /* [CP] Check Pods Manifest.lock */ = {
			isa = PBXShellScriptBuildPhase;
			buildActionMask = 2147483647;
			files = (
			);
			inputFileListPaths = (
			);
			inputPaths = (
				"${PODS_PODFILE_DIR_PATH}/Podfile.lock",
				"${PODS_ROOT}/Manifest.lock",
			);
			name = "[CP] Check Pods Manifest.lock";
			outputFileListPaths = (
			);
			outputPaths = (
				"$(DERIVED_FILE_DIR)/Pods-TestApp-checkManifestLockResult.txt",
			);
			runOnlyForDeploymentPostprocessing = 0;
			shellPath = /bin/sh;
			shellScript = "diff \"${PODS_PODFILE_DIR_PATH}/Podfile.lock\" \"${PODS_ROOT}/Manifest.lock\" > /dev/null\nif [ $? != 0 ] ; then\n    # print error to STDERR\n    echo \"error: The sandbox is not in sync with the Podfile.lock. Run 'pod install' or update your CocoaPods installation.\" >&2\n    exit 1\nfi\n# This output is used by Xcode 'outputs' to avoid re-running this script phase.\necho \"SUCCESS\" > \"${SCRIPT_OUTPUT_FILE_0}\"\n";
			showEnvVarsInLog = 0;
		};
		D10764F153D2B21B78C122D7 /* [CP] Check Pods Manifest.lock */ = {
			isa = PBXShellScriptBuildPhase;
			buildActionMask = 2147483647;
			files = (
			);
			inputFileListPaths = (
			);
			inputPaths = (
				"${PODS_PODFILE_DIR_PATH}/Podfile.lock",
				"${PODS_ROOT}/Manifest.lock",
			);
			name = "[CP] Check Pods Manifest.lock";
			outputFileListPaths = (
			);
			outputPaths = (
				"$(DERIVED_FILE_DIR)/Pods-TestAppTests-checkManifestLockResult.txt",
			);
			runOnlyForDeploymentPostprocessing = 0;
			shellPath = /bin/sh;
			shellScript = "diff \"${PODS_PODFILE_DIR_PATH}/Podfile.lock\" \"${PODS_ROOT}/Manifest.lock\" > /dev/null\nif [ $? != 0 ] ; then\n    # print error to STDERR\n    echo \"error: The sandbox is not in sync with the Podfile.lock. Run 'pod install' or update your CocoaPods installation.\" >&2\n    exit 1\nfi\n# This output is used by Xcode 'outputs' to avoid re-running this script phase.\necho \"SUCCESS\" > \"${SCRIPT_OUTPUT_FILE_0}\"\n";
			showEnvVarsInLog = 0;
		};
		F2AADAD50FF172F62043C913 /* [CP] Copy Pods Resources */ = {
			isa = PBXShellScriptBuildPhase;
			buildActionMask = 2147483647;
			files = (
			);
			inputFileListPaths = (
				"${PODS_ROOT}/Target Support Files/Pods-TestApp-TestAppUITests/Pods-TestApp-TestAppUITests-resources-${CONFIGURATION}-input-files.xcfilelist",
			);
			name = "[CP] Copy Pods Resources";
			outputFileListPaths = (
				"${PODS_ROOT}/Target Support Files/Pods-TestApp-TestAppUITests/Pods-TestApp-TestAppUITests-resources-${CONFIGURATION}-output-files.xcfilelist",
			);
			runOnlyForDeploymentPostprocessing = 0;
			shellPath = /bin/sh;
			shellScript = "\"${PODS_ROOT}/Target Support Files/Pods-TestApp-TestAppUITests/Pods-TestApp-TestAppUITests-resources.sh\"\n";
			showEnvVarsInLog = 0;
		};
		F4BE6F554E4657AC74EAFBB1 /* [CP] Copy Pods Resources */ = {
			isa = PBXShellScriptBuildPhase;
			buildActionMask = 2147483647;
			files = (
			);
			inputFileListPaths = (
				"${PODS_ROOT}/Target Support Files/Pods-TestApp/Pods-TestApp-resources-${CONFIGURATION}-input-files.xcfilelist",
			);
			name = "[CP] Copy Pods Resources";
			outputFileListPaths = (
				"${PODS_ROOT}/Target Support Files/Pods-TestApp/Pods-TestApp-resources-${CONFIGURATION}-output-files.xcfilelist",
			);
			runOnlyForDeploymentPostprocessing = 0;
			shellPath = /bin/sh;
			shellScript = "\"${PODS_ROOT}/Target Support Files/Pods-TestApp/Pods-TestApp-resources.sh\"\n";
			showEnvVarsInLog = 0;
		};
/* End PBXShellScriptBuildPhase section */

/* Begin PBXSourcesBuildPhase section */
		47B52A6D25C03ABC006D5608 /* Sources */ = {
			isa = PBXSourcesBuildPhase;
			buildActionMask = 2147483647;
			files = (
				47B52A7925C03ABC006D5608 /* ViewController.swift in Sources */,
				47B52A7525C03ABC006D5608 /* AppDelegate.swift in Sources */,
				47B52A7725C03ABC006D5608 /* SceneDelegate.swift in Sources */,
			);
			runOnlyForDeploymentPostprocessing = 0;
		};
		47B52A8325C03ABE006D5608 /* Sources */ = {
			isa = PBXSourcesBuildPhase;
			buildActionMask = 2147483647;
			files = (
				47B52A8C25C03ABE006D5608 /* TestAppTests.swift in Sources */,
			);
			runOnlyForDeploymentPostprocessing = 0;
		};
		47B52A8E25C03ABE006D5608 /* Sources */ = {
			isa = PBXSourcesBuildPhase;
			buildActionMask = 2147483647;
			files = (
				47B52A9725C03ABE006D5608 /* TestAppUITests.swift in Sources */,
			);
			runOnlyForDeploymentPostprocessing = 0;
		};
/* End PBXSourcesBuildPhase section */

/* Begin PBXTargetDependency section */
		47B52A8925C03ABE006D5608 /* PBXTargetDependency */ = {
			isa = PBXTargetDependency;
			target = 47B52A7025C03ABC006D5608 /* TestApp */;
			targetProxy = 47B52A8825C03ABE006D5608 /* PBXContainerItemProxy */;
		};
		47B52A9425C03ABE006D5608 /* PBXTargetDependency */ = {
			isa = PBXTargetDependency;
			target = 47B52A7025C03ABC006D5608 /* TestApp */;
			targetProxy = 47B52A9325C03ABE006D5608 /* PBXContainerItemProxy */;
		};
/* End PBXTargetDependency section */

/* Begin PBXVariantGroup section */
		47B52A7A25C03ABC006D5608 /* Main.storyboard */ = {
			isa = PBXVariantGroup;
			children = (
				47B52A7B25C03ABC006D5608 /* Base */,
			);
			name = Main.storyboard;
			sourceTree = "<group>";
		};
		47B52A7F25C03ABE006D5608 /* LaunchScreen.storyboard */ = {
			isa = PBXVariantGroup;
			children = (
				47B52A8025C03ABE006D5608 /* Base */,
			);
			name = LaunchScreen.storyboard;
			sourceTree = "<group>";
		};
/* End PBXVariantGroup section */

/* Begin XCBuildConfiguration section */
		47B52A9925C03ABE006D5608 /* Debug */ = {
			isa = XCBuildConfiguration;
			buildSettings = {
				ALWAYS_SEARCH_USER_PATHS = NO;
				CLANG_ANALYZER_NONNULL = YES;
				CLANG_ANALYZER_NUMBER_OBJECT_CONVERSION = YES_AGGRESSIVE;
				CLANG_CXX_LANGUAGE_STANDARD = "gnu++14";
				CLANG_CXX_LIBRARY = "libc++";
				CLANG_ENABLE_MODULES = YES;
				CLANG_ENABLE_OBJC_ARC = YES;
				CLANG_ENABLE_OBJC_WEAK = YES;
				CLANG_WARN_BLOCK_CAPTURE_AUTORELEASING = YES;
				CLANG_WARN_BOOL_CONVERSION = YES;
				CLANG_WARN_COMMA = YES;
				CLANG_WARN_CONSTANT_CONVERSION = YES;
				CLANG_WARN_DEPRECATED_OBJC_IMPLEMENTATIONS = YES;
				CLANG_WARN_DIRECT_OBJC_ISA_USAGE = YES_ERROR;
				CLANG_WARN_DOCUMENTATION_COMMENTS = YES;
				CLANG_WARN_EMPTY_BODY = YES;
				CLANG_WARN_ENUM_CONVERSION = YES;
				CLANG_WARN_INFINITE_RECURSION = YES;
				CLANG_WARN_INT_CONVERSION = YES;
				CLANG_WARN_NON_LITERAL_NULL_CONVERSION = YES;
				CLANG_WARN_OBJC_IMPLICIT_RETAIN_SELF = YES;
				CLANG_WARN_OBJC_LITERAL_CONVERSION = YES;
				CLANG_WARN_OBJC_ROOT_CLASS = YES_ERROR;
				CLANG_WARN_QUOTED_INCLUDE_IN_FRAMEWORK_HEADER = YES;
				CLANG_WARN_RANGE_LOOP_ANALYSIS = YES;
				CLANG_WARN_STRICT_PROTOTYPES = YES;
				CLANG_WARN_SUSPICIOUS_MOVE = YES;
				CLANG_WARN_UNGUARDED_AVAILABILITY = YES_AGGRESSIVE;
				CLANG_WARN_UNREACHABLE_CODE = YES;
				CLANG_WARN__DUPLICATE_METHOD_MATCH = YES;
				COPY_PHASE_STRIP = NO;
				DEBUG_INFORMATION_FORMAT = dwarf;
				ENABLE_STRICT_OBJC_MSGSEND = YES;
				ENABLE_TESTABILITY = YES;
				GCC_C_LANGUAGE_STANDARD = gnu11;
				GCC_DYNAMIC_NO_PIC = NO;
				GCC_NO_COMMON_BLOCKS = YES;
				GCC_OPTIMIZATION_LEVEL = 0;
				GCC_PREPROCESSOR_DEFINITIONS = (
					"DEBUG=1",
					"$(inherited)",
				);
				GCC_WARN_64_TO_32_BIT_CONVERSION = YES;
				GCC_WARN_ABOUT_RETURN_TYPE = YES_ERROR;
				GCC_WARN_UNDECLARED_SELECTOR = YES;
				GCC_WARN_UNINITIALIZED_AUTOS = YES_AGGRESSIVE;
				GCC_WARN_UNUSED_FUNCTION = YES;
				GCC_WARN_UNUSED_VARIABLE = YES;
				IPHONEOS_DEPLOYMENT_TARGET = 13.6;
				MTL_ENABLE_DEBUG_INFO = INCLUDE_SOURCE;
				MTL_FAST_MATH = YES;
				ONLY_ACTIVE_ARCH = YES;
				SDKROOT = iphoneos;
				SWIFT_ACTIVE_COMPILATION_CONDITIONS = DEBUG;
				SWIFT_OPTIMIZATION_LEVEL = "-Onone";
			};
			name = Debug;
		};
		47B52A9A25C03ABE006D5608 /* Release */ = {
			isa = XCBuildConfiguration;
			buildSettings = {
				ALWAYS_SEARCH_USER_PATHS = NO;
				CLANG_ANALYZER_NONNULL = YES;
				CLANG_ANALYZER_NUMBER_OBJECT_CONVERSION = YES_AGGRESSIVE;
				CLANG_CXX_LANGUAGE_STANDARD = "gnu++14";
				CLANG_CXX_LIBRARY = "libc++";
				CLANG_ENABLE_MODULES = YES;
				CLANG_ENABLE_OBJC_ARC = YES;
				CLANG_ENABLE_OBJC_WEAK = YES;
				CLANG_WARN_BLOCK_CAPTURE_AUTORELEASING = YES;
				CLANG_WARN_BOOL_CONVERSION = YES;
				CLANG_WARN_COMMA = YES;
				CLANG_WARN_CONSTANT_CONVERSION = YES;
				CLANG_WARN_DEPRECATED_OBJC_IMPLEMENTATIONS = YES;
				CLANG_WARN_DIRECT_OBJC_ISA_USAGE = YES_ERROR;
				CLANG_WARN_DOCUMENTATION_COMMENTS = YES;
				CLANG_WARN_EMPTY_BODY = YES;
				CLANG_WARN_ENUM_CONVERSION = YES;
				CLANG_WARN_INFINITE_RECURSION = YES;
				CLANG_WARN_INT_CONVERSION = YES;
				CLANG_WARN_NON_LITERAL_NULL_CONVERSION = YES;
				CLANG_WARN_OBJC_IMPLICIT_RETAIN_SELF = YES;
				CLANG_WARN_OBJC_LITERAL_CONVERSION = YES;
				CLANG_WARN_OBJC_ROOT_CLASS = YES_ERROR;
				CLANG_WARN_QUOTED_INCLUDE_IN_FRAMEWORK_HEADER = YES;
				CLANG_WARN_RANGE_LOOP_ANALYSIS = YES;
				CLANG_WARN_STRICT_PROTOTYPES = YES;
				CLANG_WARN_SUSPICIOUS_MOVE = YES;
				CLANG_WARN_UNGUARDED_AVAILABILITY = YES_AGGRESSIVE;
				CLANG_WARN_UNREACHABLE_CODE = YES;
				CLANG_WARN__DUPLICATE_METHOD_MATCH = YES;
				COPY_PHASE_STRIP = NO;
				DEBUG_INFORMATION_FORMAT = "dwarf-with-dsym";
				ENABLE_NS_ASSERTIONS = NO;
				ENABLE_STRICT_OBJC_MSGSEND = YES;
				GCC_C_LANGUAGE_STANDARD = gnu11;
				GCC_NO_COMMON_BLOCKS = YES;
				GCC_WARN_64_TO_32_BIT_CONVERSION = YES;
				GCC_WARN_ABOUT_RETURN_TYPE = YES_ERROR;
				GCC_WARN_UNDECLARED_SELECTOR = YES;
				GCC_WARN_UNINITIALIZED_AUTOS = YES_AGGRESSIVE;
				GCC_WARN_UNUSED_FUNCTION = YES;
				GCC_WARN_UNUSED_VARIABLE = YES;
				IPHONEOS_DEPLOYMENT_TARGET = 13.6;
				MTL_ENABLE_DEBUG_INFO = NO;
				MTL_FAST_MATH = YES;
				SDKROOT = iphoneos;
				SWIFT_COMPILATION_MODE = wholemodule;
				SWIFT_OPTIMIZATION_LEVEL = "-O";
				VALIDATE_PRODUCT = YES;
			};
			name = Release;
		};
		47B52A9C25C03ABE006D5608 /* Debug */ = {
			isa = XCBuildConfiguration;
			baseConfigurationReference = 7AC3B871E993CBD94903AACC /* Pods-TestApp.debug.xcconfig */;
			buildSettings = {
				ASSETCATALOG_COMPILER_APPICON_NAME = AppIcon;
				ASSETCATALOG_COMPILER_GLOBAL_ACCENT_COLOR_NAME = AccentColor;
				CODE_SIGN_STYLE = Automatic;
				DEVELOPMENT_TEAM = 7SZ87Y56TN;
				INFOPLIST_FILE = TestApp/Info.plist;
				IPHONEOS_DEPLOYMENT_TARGET = 13.6;
				LD_RUNPATH_SEARCH_PATHS = (
					"$(inherited)",
					"@executable_path/Frameworks",
				);
				PRODUCT_BUNDLE_IDENTIFIER = com.myCompany.TestApp8;
				PRODUCT_NAME = "$(TARGET_NAME)";
				SWIFT_VERSION = 5.0;
				TARGETED_DEVICE_FAMILY = "1,2";
			};
			name = Debug;
		};
		47B52A9D25C03ABE006D5608 /* Release */ = {
			isa = XCBuildConfiguration;
			baseConfigurationReference = 04540972A371E3EFF5BBCB2E /* Pods-TestApp.release.xcconfig */;
			buildSettings = {
				ASSETCATALOG_COMPILER_APPICON_NAME = AppIcon;
				ASSETCATALOG_COMPILER_GLOBAL_ACCENT_COLOR_NAME = AccentColor;
				CODE_SIGN_STYLE = Automatic;
				DEVELOPMENT_TEAM = 7SZ87Y56TN;
				INFOPLIST_FILE = TestApp/Info.plist;
				IPHONEOS_DEPLOYMENT_TARGET = 13.6;
				LD_RUNPATH_SEARCH_PATHS = (
					"$(inherited)",
					"@executable_path/Frameworks",
				);
				PRODUCT_BUNDLE_IDENTIFIER = com.myCompany.TestApp8;
				PRODUCT_NAME = "$(TARGET_NAME)";
				SWIFT_VERSION = 5.0;
				TARGETED_DEVICE_FAMILY = "1,2";
			};
			name = Release;
		};
		47B52A9F25C03ABE006D5608 /* Debug */ = {
			isa = XCBuildConfiguration;
			baseConfigurationReference = 08D50F5FAD1BE04A160E4606 /* Pods-TestAppTests.debug.xcconfig */;
			buildSettings = {
				ALWAYS_EMBED_SWIFT_STANDARD_LIBRARIES = YES;
				BUNDLE_LOADER = "$(TEST_HOST)";
				CODE_SIGN_STYLE = Automatic;
				DEVELOPMENT_TEAM = 7SZ87Y56TN;
				INFOPLIST_FILE = TestAppTests/Info.plist;
				IPHONEOS_DEPLOYMENT_TARGET = 13.6;
				LD_RUNPATH_SEARCH_PATHS = (
					"$(inherited)",
					"@executable_path/Frameworks",
					"@loader_path/Frameworks",
				);
				PRODUCT_BUNDLE_IDENTIFIER = com.myCompany.TestAppTests;
				PRODUCT_NAME = "$(TARGET_NAME)";
				SWIFT_VERSION = 5.0;
				TARGETED_DEVICE_FAMILY = "1,2";
				TEST_HOST = "$(BUILT_PRODUCTS_DIR)/TestApp.app/TestApp";
			};
			name = Debug;
		};
		47B52AA025C03ABE006D5608 /* Release */ = {
			isa = XCBuildConfiguration;
			baseConfigurationReference = DD9F697D0DD7D6997BC71979 /* Pods-TestAppTests.release.xcconfig */;
			buildSettings = {
				ALWAYS_EMBED_SWIFT_STANDARD_LIBRARIES = YES;
				BUNDLE_LOADER = "$(TEST_HOST)";
				CODE_SIGN_STYLE = Automatic;
				DEVELOPMENT_TEAM = 7SZ87Y56TN;
				INFOPLIST_FILE = TestAppTests/Info.plist;
				IPHONEOS_DEPLOYMENT_TARGET = 13.6;
				LD_RUNPATH_SEARCH_PATHS = (
					"$(inherited)",
					"@executable_path/Frameworks",
					"@loader_path/Frameworks",
				);
				PRODUCT_BUNDLE_IDENTIFIER = com.myCompany.TestAppTests;
				PRODUCT_NAME = "$(TARGET_NAME)";
				SWIFT_VERSION = 5.0;
				TARGETED_DEVICE_FAMILY = "1,2";
				TEST_HOST = "$(BUILT_PRODUCTS_DIR)/TestApp.app/TestApp";
			};
			name = Release;
		};
		47B52AA225C03ABE006D5608 /* Debug */ = {
			isa = XCBuildConfiguration;
			baseConfigurationReference = E372EEB5B162A5B55999FB06 /* Pods-TestApp-TestAppUITests.debug.xcconfig */;
			buildSettings = {
				ALWAYS_EMBED_SWIFT_STANDARD_LIBRARIES = YES;
				CODE_SIGN_STYLE = Automatic;
				DEVELOPMENT_TEAM = 7SZ87Y56TN;
				INFOPLIST_FILE = TestAppUITests/Info.plist;
				LD_RUNPATH_SEARCH_PATHS = (
					"$(inherited)",
					"@executable_path/Frameworks",
					"@loader_path/Frameworks",
				);
				PRODUCT_BUNDLE_IDENTIFIER = com.myCompany.TestAppUITests;
				PRODUCT_NAME = "$(TARGET_NAME)";
				SWIFT_VERSION = 5.0;
				TARGETED_DEVICE_FAMILY = "1,2";
				TEST_TARGET_NAME = TestApp;
			};
			name = Debug;
		};
		47B52AA325C03ABE006D5608 /* Release */ = {
			isa = XCBuildConfiguration;
			baseConfigurationReference = 6BBC906AEC3F2BC1CDFB081C /* Pods-TestApp-TestAppUITests.release.xcconfig */;
			buildSettings = {
				ALWAYS_EMBED_SWIFT_STANDARD_LIBRARIES = YES;
				CODE_SIGN_STYLE = Automatic;
				DEVELOPMENT_TEAM = 7SZ87Y56TN;
				INFOPLIST_FILE = TestAppUITests/Info.plist;
				LD_RUNPATH_SEARCH_PATHS = (
					"$(inherited)",
					"@executable_path/Frameworks",
					"@loader_path/Frameworks",
				);
				PRODUCT_BUNDLE_IDENTIFIER = com.myCompany.TestAppUITests;
				PRODUCT_NAME = "$(TARGET_NAME)";
				SWIFT_VERSION = 5.0;
				TARGETED_DEVICE_FAMILY = "1,2";
				TEST_TARGET_NAME = TestApp;
			};
			name = Release;
		};
/* End XCBuildConfiguration section */

/* Begin XCConfigurationList section */
		47B52A6C25C03ABC006D5608 /* Build configuration list for PBXProject "TestApp" */ = {
			isa = XCConfigurationList;
			buildConfigurations = (
				47B52A9925C03ABE006D5608 /* Debug */,
				47B52A9A25C03ABE006D5608 /* Release */,
			);
			defaultConfigurationIsVisible = 0;
			defaultConfigurationName = Release;
		};
		47B52A9B25C03ABE006D5608 /* Build configuration list for PBXNativeTarget "TestApp" */ = {
			isa = XCConfigurationList;
			buildConfigurations = (
				47B52A9C25C03ABE006D5608 /* Debug */,
				47B52A9D25C03ABE006D5608 /* Release */,
			);
			defaultConfigurationIsVisible = 0;
			defaultConfigurationName = Release;
		};
		47B52A9E25C03ABE006D5608 /* Build configuration list for PBXNativeTarget "TestAppTests" */ = {
			isa = XCConfigurationList;
			buildConfigurations = (
				47B52A9F25C03ABE006D5608 /* Debug */,
				47B52AA025C03ABE006D5608 /* Release */,
			);
			defaultConfigurationIsVisible = 0;
			defaultConfigurationName = Release;
		};
		47B52AA125C03ABE006D5608 /* Build configuration list for PBXNativeTarget "TestAppUITests" */ = {
			isa = XCConfigurationList;
			buildConfigurations = (
				47B52AA225C03ABE006D5608 /* Debug */,
				47B52AA325C03ABE006D5608 /* Release */,
			);
			defaultConfigurationIsVisible = 0;
			defaultConfigurationName = Release;
		};
/* End XCConfigurationList section */
	};
	rootObject = 47B52A6925C03ABC006D5608 /* Project object */;
}
