// !$*UTF8*$!
{
	archiveVersion = 1;
	classes = {
	};
	objectVersion = 51;
	objects = {

/* Begin PBXBuildFile section */
		1DAAFF683C09D968D438070C /* Pods_TestAppiOSTests.framework in Frameworks */ = {isa = PBXBuildFile; fileRef = 70835A8C4EFBB60F64A7D8FB /* Pods_TestAppiOSTests.framework */; };
		46590B363F02889E051768EF /* Pods_TestAppiOS.framework in Frameworks */ = {isa = PBXBuildFile; fileRef = BF203DBC01097A0B5C0AEBF6 /* Pods_TestAppiOS.framework */; };
		47148A7F25C18EF900C04E3C /* AppDelegate.swift in Sources */ = {isa = PBXBuildFile; fileRef = 47148A7E25C18EF900C04E3C /* AppDelegate.swift */; };
		47148A8125C18EF900C04E3C /* SceneDelegate.swift in Sources */ = {isa = PBXBuildFile; fileRef = 47148A8025C18EF900C04E3C /* SceneDelegate.swift */; };
		47148A8325C18EF900C04E3C /* ViewController.swift in Sources */ = {isa = PBXBuildFile; fileRef = 47148A8225C18EF900C04E3C /* ViewController.swift */; };
		47148A8625C18EF900C04E3C /* Main.storyboard in Resources */ = {isa = PBXBuildFile; fileRef = 47148A8425C18EF900C04E3C /* Main.storyboard */; };
		47148A8825C18EFA00C04E3C /* Assets.xcassets in Resources */ = {isa = PBXBuildFile; fileRef = 47148A8725C18EFA00C04E3C /* Assets.xcassets */; };
		47148A8B25C18EFA00C04E3C /* LaunchScreen.storyboard in Resources */ = {isa = PBXBuildFile; fileRef = 47148A8925C18EFA00C04E3C /* LaunchScreen.storyboard */; };
		47148A9625C18EFA00C04E3C /* TestAppiOSTests.swift in Sources */ = {isa = PBXBuildFile; fileRef = 47148A9525C18EFA00C04E3C /* TestAppiOSTests.swift */; };
		47148AA125C18EFA00C04E3C /* TestAppiOSUITests.swift in Sources */ = {isa = PBXBuildFile; fileRef = 47148AA025C18EFA00C04E3C /* TestAppiOSUITests.swift */; };
		9BEB159BEFDE06EF886BBBC2 /* Pods_TestAppiOS_TestAppiOSUITests.framework in Frameworks */ = {isa = PBXBuildFile; fileRef = F781ED00E9FA6FC14D44852A /* Pods_TestAppiOS_TestAppiOSUITests.framework */; };
/* End PBXBuildFile section */

/* Begin PBXContainerItemProxy section */
		47148A9225C18EFA00C04E3C /* PBXContainerItemProxy */ = {
			isa = PBXContainerItemProxy;
			containerPortal = 47148A7325C18EF900C04E3C /* Project object */;
			proxyType = 1;
			remoteGlobalIDString = 47148A7A25C18EF900C04E3C;
			remoteInfo = TestAppiOS;
		};
		47148A9D25C18EFA00C04E3C /* PBXContainerItemProxy */ = {
			isa = PBXContainerItemProxy;
			containerPortal = 47148A7325C18EF900C04E3C /* Project object */;
			proxyType = 1;
			remoteGlobalIDString = 47148A7A25C18EF900C04E3C;
			remoteInfo = TestAppiOS;
		};
/* End PBXContainerItemProxy section */

/* Begin PBXFileReference section */
		145DB2CED8CF86A4A0623001 /* Pods-TestAppiOSTests.release.xcconfig */ = {isa = PBXFileReference; includeInIndex = 1; lastKnownFileType = text.xcconfig; name = "Pods-TestAppiOSTests.release.xcconfig"; path = "Target Support Files/Pods-TestAppiOSTests/Pods-TestAppiOSTests.release.xcconfig"; sourceTree = "<group>"; };
		3346EC1358BD0004E05A8887 /* Pods-TestAppiOS.debug.xcconfig */ = {isa = PBXFileReference; includeInIndex = 1; lastKnownFileType = text.xcconfig; name = "Pods-TestAppiOS.debug.xcconfig"; path = "Target Support Files/Pods-TestAppiOS/Pods-TestAppiOS.debug.xcconfig"; sourceTree = "<group>"; };
		381A9CE7A5B8FF620E3A212E /* Pods-TestAppiOS-TestAppiOSUITests.debug.xcconfig */ = {isa = PBXFileReference; includeInIndex = 1; lastKnownFileType = text.xcconfig; name = "Pods-TestAppiOS-TestAppiOSUITests.debug.xcconfig"; path = "Target Support Files/Pods-TestAppiOS-TestAppiOSUITests/Pods-TestAppiOS-TestAppiOSUITests.debug.xcconfig"; sourceTree = "<group>"; };
		47148A7B25C18EF900C04E3C /* TestAppiOS.app */ = {isa = PBXFileReference; explicitFileType = wrapper.application; includeInIndex = 0; path = TestAppiOS.app; sourceTree = BUILT_PRODUCTS_DIR; };
		47148A7E25C18EF900C04E3C /* AppDelegate.swift */ = {isa = PBXFileReference; lastKnownFileType = sourcecode.swift; path = AppDelegate.swift; sourceTree = "<group>"; };
		47148A8025C18EF900C04E3C /* SceneDelegate.swift */ = {isa = PBXFileReference; lastKnownFileType = sourcecode.swift; path = SceneDelegate.swift; sourceTree = "<group>"; };
		47148A8225C18EF900C04E3C /* ViewController.swift */ = {isa = PBXFileReference; lastKnownFileType = sourcecode.swift; path = ViewController.swift; sourceTree = "<group>"; };
		47148A8525C18EF900C04E3C /* Base */ = {isa = PBXFileReference; lastKnownFileType = file.storyboard; name = Base; path = Base.lproj/Main.storyboard; sourceTree = "<group>"; };
		47148A8725C18EFA00C04E3C /* Assets.xcassets */ = {isa = PBXFileReference; lastKnownFileType = folder.assetcatalog; path = Assets.xcassets; sourceTree = "<group>"; };
		47148A8A25C18EFA00C04E3C /* Base */ = {isa = PBXFileReference; lastKnownFileType = file.storyboard; name = Base; path = Base.lproj/LaunchScreen.storyboard; sourceTree = "<group>"; };
		47148A8C25C18EFA00C04E3C /* Info.plist */ = {isa = PBXFileReference; lastKnownFileType = text.plist.xml; path = Info.plist; sourceTree = "<group>"; };
		47148A9125C18EFA00C04E3C /* TestAppiOSTests.xctest */ = {isa = PBXFileReference; explicitFileType = wrapper.cfbundle; includeInIndex = 0; path = TestAppiOSTests.xctest; sourceTree = BUILT_PRODUCTS_DIR; };
		47148A9525C18EFA00C04E3C /* TestAppiOSTests.swift */ = {isa = PBXFileReference; lastKnownFileType = sourcecode.swift; path = TestAppiOSTests.swift; sourceTree = "<group>"; };
		47148A9725C18EFA00C04E3C /* Info.plist */ = {isa = PBXFileReference; lastKnownFileType = text.plist.xml; path = Info.plist; sourceTree = "<group>"; };
		47148A9C25C18EFA00C04E3C /* TestAppiOSUITests.xctest */ = {isa = PBXFileReference; explicitFileType = wrapper.cfbundle; includeInIndex = 0; path = TestAppiOSUITests.xctest; sourceTree = BUILT_PRODUCTS_DIR; };
		47148AA025C18EFA00C04E3C /* TestAppiOSUITests.swift */ = {isa = PBXFileReference; lastKnownFileType = sourcecode.swift; path = TestAppiOSUITests.swift; sourceTree = "<group>"; };
		47148AA225C18EFA00C04E3C /* Info.plist */ = {isa = PBXFileReference; lastKnownFileType = text.plist.xml; path = Info.plist; sourceTree = "<group>"; };
		70835A8C4EFBB60F64A7D8FB /* Pods_TestAppiOSTests.framework */ = {isa = PBXFileReference; explicitFileType = wrapper.framework; includeInIndex = 0; path = Pods_TestAppiOSTests.framework; sourceTree = BUILT_PRODUCTS_DIR; };
		75F363C61773BC5D117C841B /* Pods-TestAppiOS-TestAppiOSUITests.release.xcconfig */ = {isa = PBXFileReference; includeInIndex = 1; lastKnownFileType = text.xcconfig; name = "Pods-TestAppiOS-TestAppiOSUITests.release.xcconfig"; path = "Target Support Files/Pods-TestAppiOS-TestAppiOSUITests/Pods-TestAppiOS-TestAppiOSUITests.release.xcconfig"; sourceTree = "<group>"; };
		A026F1DCA1C5F61D5DE71E32 /* Pods-TestAppiOSTests.debug.xcconfig */ = {isa = PBXFileReference; includeInIndex = 1; lastKnownFileType = text.xcconfig; name = "Pods-TestAppiOSTests.debug.xcconfig"; path = "Target Support Files/Pods-TestAppiOSTests/Pods-TestAppiOSTests.debug.xcconfig"; sourceTree = "<group>"; };
		B66B93A11F18062FCCAE37D5 /* Pods-TestAppiOS.release.xcconfig */ = {isa = PBXFileReference; includeInIndex = 1; lastKnownFileType = text.xcconfig; name = "Pods-TestAppiOS.release.xcconfig"; path = "Target Support Files/Pods-TestAppiOS/Pods-TestAppiOS.release.xcconfig"; sourceTree = "<group>"; };
		BF203DBC01097A0B5C0AEBF6 /* Pods_TestAppiOS.framework */ = {isa = PBXFileReference; explicitFileType = wrapper.framework; includeInIndex = 0; path = Pods_TestAppiOS.framework; sourceTree = BUILT_PRODUCTS_DIR; };
		F781ED00E9FA6FC14D44852A /* Pods_TestAppiOS_TestAppiOSUITests.framework */ = {isa = PBXFileReference; explicitFileType = wrapper.framework; includeInIndex = 0; path = Pods_TestAppiOS_TestAppiOSUITests.framework; sourceTree = BUILT_PRODUCTS_DIR; };
/* End PBXFileReference section */

/* Begin PBXFrameworksBuildPhase section */
		47148A7825C18EF900C04E3C /* Frameworks */ = {
			isa = PBXFrameworksBuildPhase;
			buildActionMask = 2147483647;
			files = (
				46590B363F02889E051768EF /* Pods_TestAppiOS.framework in Frameworks */,
			);
			runOnlyForDeploymentPostprocessing = 0;
		};
		47148A8E25C18EFA00C04E3C /* Frameworks */ = {
			isa = PBXFrameworksBuildPhase;
			buildActionMask = 2147483647;
			files = (
				1DAAFF683C09D968D438070C /* Pods_TestAppiOSTests.framework in Frameworks */,
			);
			runOnlyForDeploymentPostprocessing = 0;
		};
		47148A9925C18EFA00C04E3C /* Frameworks */ = {
			isa = PBXFrameworksBuildPhase;
			buildActionMask = 2147483647;
			files = (
				9BEB159BEFDE06EF886BBBC2 /* Pods_TestAppiOS_TestAppiOSUITests.framework in Frameworks */,
			);
			runOnlyForDeploymentPostprocessing = 0;
		};
/* End PBXFrameworksBuildPhase section */

/* Begin PBXGroup section */
		0DB9EC00EA6845DA9509AC4F /* Pods */ = {
			isa = PBXGroup;
			children = (
				3346EC1358BD0004E05A8887 /* Pods-TestAppiOS.debug.xcconfig */,
				B66B93A11F18062FCCAE37D5 /* Pods-TestAppiOS.release.xcconfig */,
				381A9CE7A5B8FF620E3A212E /* Pods-TestAppiOS-TestAppiOSUITests.debug.xcconfig */,
				75F363C61773BC5D117C841B /* Pods-TestAppiOS-TestAppiOSUITests.release.xcconfig */,
				A026F1DCA1C5F61D5DE71E32 /* Pods-TestAppiOSTests.debug.xcconfig */,
				145DB2CED8CF86A4A0623001 /* Pods-TestAppiOSTests.release.xcconfig */,
			);
			path = Pods;
			sourceTree = "<group>";
		};
		47148A7225C18EF900C04E3C = {
			isa = PBXGroup;
			children = (
				47148A7D25C18EF900C04E3C /* TestAppiOS */,
				47148A9425C18EFA00C04E3C /* TestAppiOSTests */,
				47148A9F25C18EFA00C04E3C /* TestAppiOSUITests */,
				47148A7C25C18EF900C04E3C /* Products */,
				0DB9EC00EA6845DA9509AC4F /* Pods */,
				B2C4E9C2E36873A1492C96D4 /* Frameworks */,
			);
			sourceTree = "<group>";
		};
		47148A7C25C18EF900C04E3C /* Products */ = {
			isa = PBXGroup;
			children = (
				47148A7B25C18EF900C04E3C /* TestAppiOS.app */,
				47148A9125C18EFA00C04E3C /* TestAppiOSTests.xctest */,
				47148A9C25C18EFA00C04E3C /* TestAppiOSUITests.xctest */,
			);
			name = Products;
			sourceTree = "<group>";
		};
		47148A7D25C18EF900C04E3C /* TestAppiOS */ = {
			isa = PBXGroup;
			children = (
				47148A7E25C18EF900C04E3C /* AppDelegate.swift */,
				47148A8025C18EF900C04E3C /* SceneDelegate.swift */,
				47148A8225C18EF900C04E3C /* ViewController.swift */,
				47148A8425C18EF900C04E3C /* Main.storyboard */,
				47148A8725C18EFA00C04E3C /* Assets.xcassets */,
				47148A8925C18EFA00C04E3C /* LaunchScreen.storyboard */,
				47148A8C25C18EFA00C04E3C /* Info.plist */,
			);
			path = TestAppiOS;
			sourceTree = "<group>";
		};
		47148A9425C18EFA00C04E3C /* TestAppiOSTests */ = {
			isa = PBXGroup;
			children = (
				47148A9525C18EFA00C04E3C /* TestAppiOSTests.swift */,
				47148A9725C18EFA00C04E3C /* Info.plist */,
			);
			path = TestAppiOSTests;
			sourceTree = "<group>";
		};
		47148A9F25C18EFA00C04E3C /* TestAppiOSUITests */ = {
			isa = PBXGroup;
			children = (
				47148AA025C18EFA00C04E3C /* TestAppiOSUITests.swift */,
				47148AA225C18EFA00C04E3C /* Info.plist */,
			);
			path = TestAppiOSUITests;
			sourceTree = "<group>";
		};
		B2C4E9C2E36873A1492C96D4 /* Frameworks */ = {
			isa = PBXGroup;
			children = (
				BF203DBC01097A0B5C0AEBF6 /* Pods_TestAppiOS.framework */,
				F781ED00E9FA6FC14D44852A /* Pods_TestAppiOS_TestAppiOSUITests.framework */,
				70835A8C4EFBB60F64A7D8FB /* Pods_TestAppiOSTests.framework */,
			);
			name = Frameworks;
			sourceTree = "<group>";
		};
/* End PBXGroup section */

/* Begin PBXNativeTarget section */
		47148A7A25C18EF900C04E3C /* TestAppiOS */ = {
			isa = PBXNativeTarget;
			buildConfigurationList = 47148AA525C18EFA00C04E3C /* Build configuration list for PBXNativeTarget "TestAppiOS" */;
			buildPhases = (
				34AE8847DF3D39FFA58DFEE8 /* [CP] Check Pods Manifest.lock */,
				47148A7725C18EF900C04E3C /* Sources */,
				47148A7825C18EF900C04E3C /* Frameworks */,
				47148A7925C18EF900C04E3C /* Resources */,
				1DC96EF1E200618A9F665D26 /* [CP] Copy Pods Resources */,
			);
			buildRules = (
			);
			dependencies = (
			);
			name = TestAppiOS;
			productName = TestAppiOS;
			productReference = 47148A7B25C18EF900C04E3C /* TestAppiOS.app */;
			productType = "com.apple.product-type.application";
		};
		47148A9025C18EFA00C04E3C /* TestAppiOSTests */ = {
			isa = PBXNativeTarget;
			buildConfigurationList = 47148AA825C18EFA00C04E3C /* Build configuration list for PBXNativeTarget "TestAppiOSTests" */;
			buildPhases = (
				BFC829C519D3D2A8A64C4576 /* [CP] Check Pods Manifest.lock */,
				47148A8D25C18EFA00C04E3C /* Sources */,
				47148A8E25C18EFA00C04E3C /* Frameworks */,
				47148A8F25C18EFA00C04E3C /* Resources */,
			);
			buildRules = (
			);
			dependencies = (
				47148A9325C18EFA00C04E3C /* PBXTargetDependency */,
			);
			name = TestAppiOSTests;
			productName = TestAppiOSTests;
			productReference = 47148A9125C18EFA00C04E3C /* TestAppiOSTests.xctest */;
			productType = "com.apple.product-type.bundle.unit-test";
		};
		47148A9B25C18EFA00C04E3C /* TestAppiOSUITests */ = {
			isa = PBXNativeTarget;
			buildConfigurationList = 47148AAB25C18EFA00C04E3C /* Build configuration list for PBXNativeTarget "TestAppiOSUITests" */;
			buildPhases = (
				A7D230DFD52DBF9F2B2B3A8F /* [CP] Check Pods Manifest.lock */,
				47148A9825C18EFA00C04E3C /* Sources */,
				47148A9925C18EFA00C04E3C /* Frameworks */,
				47148A9A25C18EFA00C04E3C /* Resources */,
				D2DE477B5000B7F73DCD4157 /* [CP] Copy Pods Resources */,
			);
			buildRules = (
			);
			dependencies = (
				47148A9E25C18EFA00C04E3C /* PBXTargetDependency */,
			);
			name = TestAppiOSUITests;
			productName = TestAppiOSUITests;
			productReference = 47148A9C25C18EFA00C04E3C /* TestAppiOSUITests.xctest */;
			productType = "com.apple.product-type.bundle.ui-testing";
		};
/* End PBXNativeTarget section */

/* Begin PBXProject section */
		47148A7325C18EF900C04E3C /* Project object */ = {
			isa = PBXProject;
			attributes = {
				LastSwiftUpdateCheck = 1170;
				LastUpgradeCheck = 1170;
				ORGANIZATIONNAME = "Алан Максвелл";
				TargetAttributes = {
					47148A7A25C18EF900C04E3C = {
						CreatedOnToolsVersion = 11.7;
					};
					47148A9025C18EFA00C04E3C = {
						CreatedOnToolsVersion = 11.7;
						TestTargetID = 47148A7A25C18EF900C04E3C;
					};
					47148A9B25C18EFA00C04E3C = {
						CreatedOnToolsVersion = 11.7;
						TestTargetID = 47148A7A25C18EF900C04E3C;
					};
				};
			};
			buildConfigurationList = 47148A7625C18EF900C04E3C /* Build configuration list for PBXProject "TestAppiOS" */;
			compatibilityVersion = "Xcode 9.3";
			developmentRegion = en;
			hasScannedForEncodings = 0;
			knownRegions = (
				en,
				Base,
			);
			mainGroup = 47148A7225C18EF900C04E3C;
			productRefGroup = 47148A7C25C18EF900C04E3C /* Products */;
			projectDirPath = "";
			projectRoot = "";
			targets = (
				47148A7A25C18EF900C04E3C /* TestAppiOS */,
				47148A9025C18EFA00C04E3C /* TestAppiOSTests */,
				47148A9B25C18EFA00C04E3C /* TestAppiOSUITests */,
			);
		};
/* End PBXProject section */

/* Begin PBXResourcesBuildPhase section */
		47148A7925C18EF900C04E3C /* Resources */ = {
			isa = PBXResourcesBuildPhase;
			buildActionMask = 2147483647;
			files = (
				47148A8B25C18EFA00C04E3C /* LaunchScreen.storyboard in Resources */,
				47148A8825C18EFA00C04E3C /* Assets.xcassets in Resources */,
				47148A8625C18EF900C04E3C /* Main.storyboard in Resources */,
			);
			runOnlyForDeploymentPostprocessing = 0;
		};
		47148A8F25C18EFA00C04E3C /* Resources */ = {
			isa = PBXResourcesBuildPhase;
			buildActionMask = 2147483647;
			files = (
			);
			runOnlyForDeploymentPostprocessing = 0;
		};
		47148A9A25C18EFA00C04E3C /* Resources */ = {
			isa = PBXResourcesBuildPhase;
			buildActionMask = 2147483647;
			files = (
			);
			runOnlyForDeploymentPostprocessing = 0;
		};
/* End PBXResourcesBuildPhase section */

/* Begin PBXShellScriptBuildPhase section */
		1DC96EF1E200618A9F665D26 /* [CP] Copy Pods Resources */ = {
			isa = PBXShellScriptBuildPhase;
			buildActionMask = 2147483647;
			files = (
			);
			inputFileListPaths = (
				"${PODS_ROOT}/Target Support Files/Pods-TestAppiOS/Pods-TestAppiOS-resources-${CONFIGURATION}-input-files.xcfilelist",
			);
			name = "[CP] Copy Pods Resources";
			outputFileListPaths = (
				"${PODS_ROOT}/Target Support Files/Pods-TestAppiOS/Pods-TestAppiOS-resources-${CONFIGURATION}-output-files.xcfilelist",
			);
			runOnlyForDeploymentPostprocessing = 0;
			shellPath = /bin/sh;
			shellScript = "\"${PODS_ROOT}/Target Support Files/Pods-TestAppiOS/Pods-TestAppiOS-resources.sh\"\n";
			showEnvVarsInLog = 0;
		};
		34AE8847DF3D39FFA58DFEE8 /* [CP] Check Pods Manifest.lock */ = {
			isa = PBXShellScriptBuildPhase;
			buildActionMask = 2147483647;
			files = (
			);
			inputFileListPaths = (
			);
			inputPaths = (
				"${PODS_PODFILE_DIR_PATH}/Podfile.lock",
				"${PODS_ROOT}/Manifest.lock",
			);
			name = "[CP] Check Pods Manifest.lock";
			outputFileListPaths = (
			);
			outputPaths = (
				"$(DERIVED_FILE_DIR)/Pods-TestAppiOS-checkManifestLockResult.txt",
			);
			runOnlyForDeploymentPostprocessing = 0;
			shellPath = /bin/sh;
			shellScript = "diff \"${PODS_PODFILE_DIR_PATH}/Podfile.lock\" \"${PODS_ROOT}/Manifest.lock\" > /dev/null\nif [ $? != 0 ] ; then\n    # print error to STDERR\n    echo \"error: The sandbox is not in sync with the Podfile.lock. Run 'pod install' or update your CocoaPods installation.\" >&2\n    exit 1\nfi\n# This output is used by Xcode 'outputs' to avoid re-running this script phase.\necho \"SUCCESS\" > \"${SCRIPT_OUTPUT_FILE_0}\"\n";
			showEnvVarsInLog = 0;
		};
		A7D230DFD52DBF9F2B2B3A8F /* [CP] Check Pods Manifest.lock */ = {
			isa = PBXShellScriptBuildPhase;
			buildActionMask = 2147483647;
			files = (
			);
			inputFileListPaths = (
			);
			inputPaths = (
				"${PODS_PODFILE_DIR_PATH}/Podfile.lock",
				"${PODS_ROOT}/Manifest.lock",
			);
			name = "[CP] Check Pods Manifest.lock";
			outputFileListPaths = (
			);
			outputPaths = (
				"$(DERIVED_FILE_DIR)/Pods-TestAppiOS-TestAppiOSUITests-checkManifestLockResult.txt",
			);
			runOnlyForDeploymentPostprocessing = 0;
			shellPath = /bin/sh;
			shellScript = "diff \"${PODS_PODFILE_DIR_PATH}/Podfile.lock\" \"${PODS_ROOT}/Manifest.lock\" > /dev/null\nif [ $? != 0 ] ; then\n    # print error to STDERR\n    echo \"error: The sandbox is not in sync with the Podfile.lock. Run 'pod install' or update your CocoaPods installation.\" >&2\n    exit 1\nfi\n# This output is used by Xcode 'outputs' to avoid re-running this script phase.\necho \"SUCCESS\" > \"${SCRIPT_OUTPUT_FILE_0}\"\n";
			showEnvVarsInLog = 0;
		};
		BFC829C519D3D2A8A64C4576 /* [CP] Check Pods Manifest.lock */ = {
			isa = PBXShellScriptBuildPhase;
			buildActionMask = 2147483647;
			files = (
			);
			inputFileListPaths = (
			);
			inputPaths = (
				"${PODS_PODFILE_DIR_PATH}/Podfile.lock",
				"${PODS_ROOT}/Manifest.lock",
			);
			name = "[CP] Check Pods Manifest.lock";
			outputFileListPaths = (
			);
			outputPaths = (
				"$(DERIVED_FILE_DIR)/Pods-TestAppiOSTests-checkManifestLockResult.txt",
			);
			runOnlyForDeploymentPostprocessing = 0;
			shellPath = /bin/sh;
			shellScript = "diff \"${PODS_PODFILE_DIR_PATH}/Podfile.lock\" \"${PODS_ROOT}/Manifest.lock\" > /dev/null\nif [ $? != 0 ] ; then\n    # print error to STDERR\n    echo \"error: The sandbox is not in sync with the Podfile.lock. Run 'pod install' or update your CocoaPods installation.\" >&2\n    exit 1\nfi\n# This output is used by Xcode 'outputs' to avoid re-running this script phase.\necho \"SUCCESS\" > \"${SCRIPT_OUTPUT_FILE_0}\"\n";
			showEnvVarsInLog = 0;
		};
		D2DE477B5000B7F73DCD4157 /* [CP] Copy Pods Resources */ = {
			isa = PBXShellScriptBuildPhase;
			buildActionMask = 2147483647;
			files = (
			);
			inputFileListPaths = (
				"${PODS_ROOT}/Target Support Files/Pods-TestAppiOS-TestAppiOSUITests/Pods-TestAppiOS-TestAppiOSUITests-resources-${CONFIGURATION}-input-files.xcfilelist",
			);
			name = "[CP] Copy Pods Resources";
			outputFileListPaths = (
				"${PODS_ROOT}/Target Support Files/Pods-TestAppiOS-TestAppiOSUITests/Pods-TestAppiOS-TestAppiOSUITests-resources-${CONFIGURATION}-output-files.xcfilelist",
			);
			runOnlyForDeploymentPostprocessing = 0;
			shellPath = /bin/sh;
			shellScript = "\"${PODS_ROOT}/Target Support Files/Pods-TestAppiOS-TestAppiOSUITests/Pods-TestAppiOS-TestAppiOSUITests-resources.sh\"\n";
			showEnvVarsInLog = 0;
		};
/* End PBXShellScriptBuildPhase section */

/* Begin PBXSourcesBuildPhase section */
		47148A7725C18EF900C04E3C /* Sources */ = {
			isa = PBXSourcesBuildPhase;
			buildActionMask = 2147483647;
			files = (
				47148A8325C18EF900C04E3C /* ViewController.swift in Sources */,
				47148A7F25C18EF900C04E3C /* AppDelegate.swift in Sources */,
				47148A8125C18EF900C04E3C /* SceneDelegate.swift in Sources */,
			);
			runOnlyForDeploymentPostprocessing = 0;
		};
		47148A8D25C18EFA00C04E3C /* Sources */ = {
			isa = PBXSourcesBuildPhase;
			buildActionMask = 2147483647;
			files = (
				47148A9625C18EFA00C04E3C /* TestAppiOSTests.swift in Sources */,
			);
			runOnlyForDeploymentPostprocessing = 0;
		};
		47148A9825C18EFA00C04E3C /* Sources */ = {
			isa = PBXSourcesBuildPhase;
			buildActionMask = 2147483647;
			files = (
				47148AA125C18EFA00C04E3C /* TestAppiOSUITests.swift in Sources */,
			);
			runOnlyForDeploymentPostprocessing = 0;
		};
/* End PBXSourcesBuildPhase section */

/* Begin PBXTargetDependency section */
		47148A9325C18EFA00C04E3C /* PBXTargetDependency */ = {
			isa = PBXTargetDependency;
			target = 47148A7A25C18EF900C04E3C /* TestAppiOS */;
			targetProxy = 47148A9225C18EFA00C04E3C /* PBXContainerItemProxy */;
		};
		47148A9E25C18EFA00C04E3C /* PBXTargetDependency */ = {
			isa = PBXTargetDependency;
			target = 47148A7A25C18EF900C04E3C /* TestAppiOS */;
			targetProxy = 47148A9D25C18EFA00C04E3C /* PBXContainerItemProxy */;
		};
/* End PBXTargetDependency section */

/* Begin PBXVariantGroup section */
		47148A8425C18EF900C04E3C /* Main.storyboard */ = {
			isa = PBXVariantGroup;
			children = (
				47148A8525C18EF900C04E3C /* Base */,
			);
			name = Main.storyboard;
			sourceTree = "<group>";
		};
		47148A8925C18EFA00C04E3C /* LaunchScreen.storyboard */ = {
			isa = PBXVariantGroup;
			children = (
				47148A8A25C18EFA00C04E3C /* Base */,
			);
			name = LaunchScreen.storyboard;
			sourceTree = "<group>";
		};
/* End PBXVariantGroup section */

/* Begin XCBuildConfiguration section */
		47148AA325C18EFA00C04E3C /* Debug */ = {
			isa = XCBuildConfiguration;
			buildSettings = {
				ALWAYS_SEARCH_USER_PATHS = NO;
				CLANG_ANALYZER_NONNULL = YES;
				CLANG_ANALYZER_NUMBER_OBJECT_CONVERSION = YES_AGGRESSIVE;
				CLANG_CXX_LANGUAGE_STANDARD = "gnu++14";
				CLANG_CXX_LIBRARY = "libc++";
				CLANG_ENABLE_MODULES = YES;
				CLANG_ENABLE_OBJC_ARC = YES;
				CLANG_ENABLE_OBJC_WEAK = YES;
				CLANG_WARN_BLOCK_CAPTURE_AUTORELEASING = YES;
				CLANG_WARN_BOOL_CONVERSION = YES;
				CLANG_WARN_COMMA = YES;
				CLANG_WARN_CONSTANT_CONVERSION = YES;
				CLANG_WARN_DEPRECATED_OBJC_IMPLEMENTATIONS = YES;
				CLANG_WARN_DIRECT_OBJC_ISA_USAGE = YES_ERROR;
				CLANG_WARN_DOCUMENTATION_COMMENTS = YES;
				CLANG_WARN_EMPTY_BODY = YES;
				CLANG_WARN_ENUM_CONVERSION = YES;
				CLANG_WARN_INFINITE_RECURSION = YES;
				CLANG_WARN_INT_CONVERSION = YES;
				CLANG_WARN_NON_LITERAL_NULL_CONVERSION = YES;
				CLANG_WARN_OBJC_IMPLICIT_RETAIN_SELF = YES;
				CLANG_WARN_OBJC_LITERAL_CONVERSION = YES;
				CLANG_WARN_OBJC_ROOT_CLASS = YES_ERROR;
				CLANG_WARN_RANGE_LOOP_ANALYSIS = YES;
				CLANG_WARN_STRICT_PROTOTYPES = YES;
				CLANG_WARN_SUSPICIOUS_MOVE = YES;
				CLANG_WARN_UNGUARDED_AVAILABILITY = YES_AGGRESSIVE;
				CLANG_WARN_UNREACHABLE_CODE = YES;
				CLANG_WARN__DUPLICATE_METHOD_MATCH = YES;
				COPY_PHASE_STRIP = NO;
				DEBUG_INFORMATION_FORMAT = dwarf;
				ENABLE_STRICT_OBJC_MSGSEND = YES;
				ENABLE_TESTABILITY = YES;
				GCC_C_LANGUAGE_STANDARD = gnu11;
				GCC_DYNAMIC_NO_PIC = NO;
				GCC_NO_COMMON_BLOCKS = YES;
				GCC_OPTIMIZATION_LEVEL = 0;
				GCC_PREPROCESSOR_DEFINITIONS = (
					"DEBUG=1",
					"$(inherited)",
				);
				GCC_WARN_64_TO_32_BIT_CONVERSION = YES;
				GCC_WARN_ABOUT_RETURN_TYPE = YES_ERROR;
				GCC_WARN_UNDECLARED_SELECTOR = YES;
				GCC_WARN_UNINITIALIZED_AUTOS = YES_AGGRESSIVE;
				GCC_WARN_UNUSED_FUNCTION = YES;
				GCC_WARN_UNUSED_VARIABLE = YES;
				IPHONEOS_DEPLOYMENT_TARGET = 13.7;
				MTL_ENABLE_DEBUG_INFO = INCLUDE_SOURCE;
				MTL_FAST_MATH = YES;
				ONLY_ACTIVE_ARCH = YES;
				SDKROOT = iphoneos;
				SWIFT_ACTIVE_COMPILATION_CONDITIONS = DEBUG;
				SWIFT_OPTIMIZATION_LEVEL = "-Onone";
			};
			name = Debug;
		};
		47148AA425C18EFA00C04E3C /* Release */ = {
			isa = XCBuildConfiguration;
			buildSettings = {
				ALWAYS_SEARCH_USER_PATHS = NO;
				CLANG_ANALYZER_NONNULL = YES;
				CLANG_ANALYZER_NUMBER_OBJECT_CONVERSION = YES_AGGRESSIVE;
				CLANG_CXX_LANGUAGE_STANDARD = "gnu++14";
				CLANG_CXX_LIBRARY = "libc++";
				CLANG_ENABLE_MODULES = YES;
				CLANG_ENABLE_OBJC_ARC = YES;
				CLANG_ENABLE_OBJC_WEAK = YES;
				CLANG_WARN_BLOCK_CAPTURE_AUTORELEASING = YES;
				CLANG_WARN_BOOL_CONVERSION = YES;
				CLANG_WARN_COMMA = YES;
				CLANG_WARN_CONSTANT_CONVERSION = YES;
				CLANG_WARN_DEPRECATED_OBJC_IMPLEMENTATIONS = YES;
				CLANG_WARN_DIRECT_OBJC_ISA_USAGE = YES_ERROR;
				CLANG_WARN_DOCUMENTATION_COMMENTS = YES;
				CLANG_WARN_EMPTY_BODY = YES;
				CLANG_WARN_ENUM_CONVERSION = YES;
				CLANG_WARN_INFINITE_RECURSION = YES;
				CLANG_WARN_INT_CONVERSION = YES;
				CLANG_WARN_NON_LITERAL_NULL_CONVERSION = YES;
				CLANG_WARN_OBJC_IMPLICIT_RETAIN_SELF = YES;
				CLANG_WARN_OBJC_LITERAL_CONVERSION = YES;
				CLANG_WARN_OBJC_ROOT_CLASS = YES_ERROR;
				CLANG_WARN_RANGE_LOOP_ANALYSIS = YES;
				CLANG_WARN_STRICT_PROTOTYPES = YES;
				CLANG_WARN_SUSPICIOUS_MOVE = YES;
				CLANG_WARN_UNGUARDED_AVAILABILITY = YES_AGGRESSIVE;
				CLANG_WARN_UNREACHABLE_CODE = YES;
				CLANG_WARN__DUPLICATE_METHOD_MATCH = YES;
				COPY_PHASE_STRIP = NO;
				DEBUG_INFORMATION_FORMAT = "dwarf-with-dsym";
				ENABLE_NS_ASSERTIONS = NO;
				ENABLE_STRICT_OBJC_MSGSEND = YES;
				GCC_C_LANGUAGE_STANDARD = gnu11;
				GCC_NO_COMMON_BLOCKS = YES;
				GCC_WARN_64_TO_32_BIT_CONVERSION = YES;
				GCC_WARN_ABOUT_RETURN_TYPE = YES_ERROR;
				GCC_WARN_UNDECLARED_SELECTOR = YES;
				GCC_WARN_UNINITIALIZED_AUTOS = YES_AGGRESSIVE;
				GCC_WARN_UNUSED_FUNCTION = YES;
				GCC_WARN_UNUSED_VARIABLE = YES;
				IPHONEOS_DEPLOYMENT_TARGET = 13.7;
				MTL_ENABLE_DEBUG_INFO = NO;
				MTL_FAST_MATH = YES;
				SDKROOT = iphoneos;
				SWIFT_COMPILATION_MODE = wholemodule;
				SWIFT_OPTIMIZATION_LEVEL = "-O";
				VALIDATE_PRODUCT = YES;
			};
			name = Release;
		};
		47148AA625C18EFA00C04E3C /* Debug */ = {
			isa = XCBuildConfiguration;
			baseConfigurationReference = 3346EC1358BD0004E05A8887 /* Pods-TestAppiOS.debug.xcconfig */;
			buildSettings = {
				ASSETCATALOG_COMPILER_APPICON_NAME = AppIcon;
				CODE_SIGN_STYLE = Automatic;
				DEVELOPMENT_TEAM = 7SZ87Y56TN;
				INFOPLIST_FILE = TestAppiOS/Info.plist;
				IPHONEOS_DEPLOYMENT_TARGET = 13.7;
				LD_RUNPATH_SEARCH_PATHS = (
					"$(inherited)",
					"@executable_path/Frameworks",
				);
				PRODUCT_BUNDLE_IDENTIFIER = com.myCompany.TestAppiOS;
				PRODUCT_NAME = "$(TARGET_NAME)";
				SWIFT_VERSION = 5.0;
				TARGETED_DEVICE_FAMILY = "1,2";
			};
			name = Debug;
		};
		47148AA725C18EFA00C04E3C /* Release */ = {
			isa = XCBuildConfiguration;
			baseConfigurationReference = B66B93A11F18062FCCAE37D5 /* Pods-TestAppiOS.release.xcconfig */;
			buildSettings = {
				ASSETCATALOG_COMPILER_APPICON_NAME = AppIcon;
				CODE_SIGN_STYLE = Automatic;
				DEVELOPMENT_TEAM = 7SZ87Y56TN;
				INFOPLIST_FILE = TestAppiOS/Info.plist;
				IPHONEOS_DEPLOYMENT_TARGET = 13.7;
				LD_RUNPATH_SEARCH_PATHS = (
					"$(inherited)",
					"@executable_path/Frameworks",
				);
				PRODUCT_BUNDLE_IDENTIFIER = com.myCompany.TestAppiOS;
				PRODUCT_NAME = "$(TARGET_NAME)";
				SWIFT_VERSION = 5.0;
				TARGETED_DEVICE_FAMILY = "1,2";
			};
			name = Release;
		};
		47148AA925C18EFA00C04E3C /* Debug */ = {
			isa = XCBuildConfiguration;
			baseConfigurationReference = A026F1DCA1C5F61D5DE71E32 /* Pods-TestAppiOSTests.debug.xcconfig */;
			buildSettings = {
				ALWAYS_EMBED_SWIFT_STANDARD_LIBRARIES = YES;
				BUNDLE_LOADER = "$(TEST_HOST)";
				CODE_SIGN_STYLE = Automatic;
				DEVELOPMENT_TEAM = 7SZ87Y56TN;
				INFOPLIST_FILE = TestAppiOSTests/Info.plist;
				IPHONEOS_DEPLOYMENT_TARGET = 13.7;
				LD_RUNPATH_SEARCH_PATHS = (
					"$(inherited)",
					"@executable_path/Frameworks",
					"@loader_path/Frameworks",
				);
				PRODUCT_BUNDLE_IDENTIFIER = com.myCompany.TestAppiOSTests;
				PRODUCT_NAME = "$(TARGET_NAME)";
				SWIFT_VERSION = 5.0;
				TARGETED_DEVICE_FAMILY = "1,2";
				TEST_HOST = "$(BUILT_PRODUCTS_DIR)/TestAppiOS.app/TestAppiOS";
			};
			name = Debug;
		};
		47148AAA25C18EFA00C04E3C /* Release */ = {
			isa = XCBuildConfiguration;
			baseConfigurationReference = 145DB2CED8CF86A4A0623001 /* Pods-TestAppiOSTests.release.xcconfig */;
			buildSettings = {
				ALWAYS_EMBED_SWIFT_STANDARD_LIBRARIES = YES;
				BUNDLE_LOADER = "$(TEST_HOST)";
				CODE_SIGN_STYLE = Automatic;
				DEVELOPMENT_TEAM = 7SZ87Y56TN;
				INFOPLIST_FILE = TestAppiOSTests/Info.plist;
				IPHONEOS_DEPLOYMENT_TARGET = 13.7;
				LD_RUNPATH_SEARCH_PATHS = (
					"$(inherited)",
					"@executable_path/Frameworks",
					"@loader_path/Frameworks",
				);
				PRODUCT_BUNDLE_IDENTIFIER = com.myCompany.TestAppiOSTests;
				PRODUCT_NAME = "$(TARGET_NAME)";
				SWIFT_VERSION = 5.0;
				TARGETED_DEVICE_FAMILY = "1,2";
				TEST_HOST = "$(BUILT_PRODUCTS_DIR)/TestAppiOS.app/TestAppiOS";
			};
			name = Release;
		};
		47148AAC25C18EFA00C04E3C /* Debug */ = {
			isa = XCBuildConfiguration;
			baseConfigurationReference = 381A9CE7A5B8FF620E3A212E /* Pods-TestAppiOS-TestAppiOSUITests.debug.xcconfig */;
			buildSettings = {
				ALWAYS_EMBED_SWIFT_STANDARD_LIBRARIES = YES;
				CODE_SIGN_STYLE = Automatic;
				DEVELOPMENT_TEAM = 7SZ87Y56TN;
				INFOPLIST_FILE = TestAppiOSUITests/Info.plist;
				IPHONEOS_DEPLOYMENT_TARGET = 13.7;
				LD_RUNPATH_SEARCH_PATHS = (
					"$(inherited)",
					"@executable_path/Frameworks",
					"@loader_path/Frameworks",
				);
				PRODUCT_BUNDLE_IDENTIFIER = com.myCompany.TestAppiOSUITests;
				PRODUCT_NAME = "$(TARGET_NAME)";
				SWIFT_VERSION = 5.0;
				TARGETED_DEVICE_FAMILY = "1,2";
				TEST_TARGET_NAME = TestAppiOS;
			};
			name = Debug;
		};
		47148AAD25C18EFA00C04E3C /* Release */ = {
			isa = XCBuildConfiguration;
			baseConfigurationReference = 75F363C61773BC5D117C841B /* Pods-TestAppiOS-TestAppiOSUITests.release.xcconfig */;
			buildSettings = {
				ALWAYS_EMBED_SWIFT_STANDARD_LIBRARIES = YES;
				CODE_SIGN_STYLE = Automatic;
				DEVELOPMENT_TEAM = 7SZ87Y56TN;
				INFOPLIST_FILE = TestAppiOSUITests/Info.plist;
				IPHONEOS_DEPLOYMENT_TARGET = 13.7;
				LD_RUNPATH_SEARCH_PATHS = (
					"$(inherited)",
					"@executable_path/Frameworks",
					"@loader_path/Frameworks",
				);
				PRODUCT_BUNDLE_IDENTIFIER = com.myCompany.TestAppiOSUITests;
				PRODUCT_NAME = "$(TARGET_NAME)";
				SWIFT_VERSION = 5.0;
				TARGETED_DEVICE_FAMILY = "1,2";
				TEST_TARGET_NAME = TestAppiOS;
			};
			name = Release;
		};
/* End XCBuildConfiguration section */

/* Begin XCConfigurationList section */
		47148A7625C18EF900C04E3C /* Build configuration list for PBXProject "TestAppiOS" */ = {
			isa = XCConfigurationList;
			buildConfigurations = (
				47148AA325C18EFA00C04E3C /* Debug */,
				47148AA425C18EFA00C04E3C /* Release */,
			);
			defaultConfigurationIsVisible = 0;
			defaultConfigurationName = Release;
		};
		47148AA525C18EFA00C04E3C /* Build configuration list for PBXNativeTarget "TestAppiOS" */ = {
			isa = XCConfigurationList;
			buildConfigurations = (
				47148AA625C18EFA00C04E3C /* Debug */,
				47148AA725C18EFA00C04E3C /* Release */,
			);
			defaultConfigurationIsVisible = 0;
			defaultConfigurationName = Release;
		};
		47148AA825C18EFA00C04E3C /* Build configuration list for PBXNativeTarget "TestAppiOSTests" */ = {
			isa = XCConfigurationList;
			buildConfigurations = (
				47148AA925C18EFA00C04E3C /* Debug */,
				47148AAA25C18EFA00C04E3C /* Release */,
			);
			defaultConfigurationIsVisible = 0;
			defaultConfigurationName = Release;
		};
		47148AAB25C18EFA00C04E3C /* Build configuration list for PBXNativeTarget "TestAppiOSUITests" */ = {
			isa = XCConfigurationList;
			buildConfigurations = (
				47148AAC25C18EFA00C04E3C /* Debug */,
				47148AAD25C18EFA00C04E3C /* Release */,
			);
			defaultConfigurationIsVisible = 0;
			defaultConfigurationName = Release;
		};
/* End XCConfigurationList section */
	};
	rootObject = 47148A7325C18EF900C04E3C /* Project object */;
}
